
Microsoft Visual Studio Solution File, Format Version 12.00
# Visual Studio Version 16
VisualStudioVersion = 16.0.29609.76
MinimumVisualStudioVersion = 10.0.40219.1
Project("{9A19103F-16F7-4668-BE54-9A1E7A4F7556}") = "Count_Real_Numbers", "Count_Real_Numbers\Count_Real_Numbers.csproj", "{B93AE8AD-F23E-4756-90F8-42C1B7B72FDD}"
EndProject
Project("{9A19103F-16F7-4668-BE54-9A1E7A4F7556}") = "Odd_Occurrences", "Odd_Occurrences\Odd_Occurrences.csproj", "{94620E2D-0F0F-4CA6-B717-B04CC0B5BABF}"
EndProject
Project("{FAE04EC0-301F-11D3-BF4B-00C04F79EFBC}") = "Word_Synonyms", "Word_Synonyms\Word_Synonyms.csproj", "{2C6289E0-E3F2-44A7-949F-138722C569A3}"
EndProject
Project("{FAE04EC0-301F-11D3-BF4B-00C04F79EFBC}") = "Largest_3_Numbers", "Largest_3_Numbers\Largest_3_Numbers.csproj", "{A8D3ED3E-EA82-493A-8B2C-05A2A59E1931}"
EndProject
Project("{FAE04EC0-301F-11D3-BF4B-00C04F79EFBC}") = "Word_Filter", "Word_Filter\Word_Filter.csproj", "{7B3188AA-2A44-4A76-B5DA-4173D178D59C}"
EndProject
Global
	GlobalSection(SolutionConfigurationPlatforms) = preSolution
		Debug|Any CPU = Debug|Any CPU
		Release|Any CPU = Release|Any CPU
	EndGlobalSection
	GlobalSection(ProjectConfigurationPlatforms) = postSolution
		{B93AE8AD-F23E-4756-90F8-42C1B7B72FDD}.Debug|Any CPU.ActiveCfg = Debug|Any CPU
		{B93AE8AD-F23E-4756-90F8-42C1B7B72FDD}.Debug|Any CPU.Build.0 = Debug|Any CPU
		{B93AE8AD-F23E-4756-90F8-42C1B7B72FDD}.Release|Any CPU.ActiveCfg = Release|Any CPU
		{B93AE8AD-F23E-4756-90F8-42C1B7B72FDD}.Release|Any CPU.Build.0 = Release|Any CPU
		{94620E2D-0F0F-4CA6-B717-B04CC0B5BABF}.Debug|Any CPU.ActiveCfg = Debug|Any CPU
		{94620E2D-0F0F-4CA6-B717-B04CC0B5BABF}.Debug|Any CPU.Build.0 = Debug|Any CPU
		{94620E2D-0F0F-4CA6-B717-B04CC0B5BABF}.Release|Any CPU.ActiveCfg = Release|Any CPU
		{94620E2D-0F0F-4CA6-B717-B04CC0B5BABF}.Release|Any CPU.Build.0 = Release|Any CPU
		{2C6289E0-E3F2-44A7-949F-138722C569A3}.Debug|Any CPU.ActiveCfg = Debug|Any CPU
		{2C6289E0-E3F2-44A7-949F-138722C569A3}.Debug|Any CPU.Build.0 = Debug|Any CPU
		{2C6289E0-E3F2-44A7-949F-138722C569A3}.Release|Any CPU.ActiveCfg = Release|Any CPU
		{2C6289E0-E3F2-44A7-949F-138722C569A3}.Release|Any CPU.Build.0 = Release|Any CPU
		{A8D3ED3E-EA82-493A-8B2C-05A2A59E1931}.Debug|Any CPU.ActiveCfg = Debug|Any CPU
		{A8D3ED3E-EA82-493A-8B2C-05A2A59E1931}.Debug|Any CPU.Build.0 = Debug|Any CPU
		{A8D3ED3E-EA82-493A-8B2C-05A2A59E1931}.Release|Any CPU.ActiveCfg = Release|Any CPU
		{A8D3ED3E-EA82-493A-8B2C-05A2A59E1931}.Release|Any CPU.Build.0 = Release|Any CPU
		{7B3188AA-2A44-4A76-B5DA-4173D178D59C}.Debug|Any CPU.ActiveCfg = Debug|Any CPU
		{7B3188AA-2A44-4A76-B5DA-4173D178D59C}.Debug|Any CPU.Build.0 = Debug|Any CPU
		{7B3188AA-2A44-4A76-B5DA-4173D178D59C}.Release|Any CPU.ActiveCfg = Release|Any CPU
		{7B3188AA-2A44-4A76-B5DA-4173D178D59C}.Release|Any CPU.Build.0 = Release|Any CPU
	EndGlobalSection
	GlobalSection(SolutionProperties) = preSolution
		HideSolutionNode = FALSE
	EndGlobalSection
	GlobalSection(ExtensibilityGlobals) = postSolution
		SolutionGuid = {B612FBB2-653B-447C-9CB6-EF83A22A5A0F}
	EndGlobalSection
EndGlobal
