
Microsoft Visual Studio Solution File, Format Version 12.00
# Visual Studio Version 17
VisualStudioVersion = 17.2.32602.215
MinimumVisualStudioVersion = 10.0.40219.1
Project("{9A19103F-16F7-4668-BE54-9A1E7A4F7556}") = "P01_Masterchef", "P01_Masterchef\P01_Masterchef.csproj", "{28F7D8C8-C851-4127-B164-8C452031D3D8}"
EndProject
Project("{FAE04EC0-301F-11D3-BF4B-00C04F79EFBC}") = "P02_Survivor", "P02_Survivor\P02_Survivor.csproj", "{A613FC60-8F6E-47BC-97C5-14C7A8DDE576}"
EndProject
Global
	GlobalSection(SolutionConfigurationPlatforms) = preSolution
		Debug|Any CPU = Debug|Any CPU
		Release|Any CPU = Release|Any CPU
	EndGlobalSection
	GlobalSection(ProjectConfigurationPlatforms) = postSolution
		{28F7D8C8-C851-4127-B164-8C452031D3D8}.Debug|Any CPU.ActiveCfg = Debug|Any CPU
		{28F7D8C8-C851-4127-B164-8C452031D3D8}.Debug|Any CPU.Build.0 = Debug|Any CPU
		{28F7D8C8-C851-4127-B164-8C452031D3D8}.Release|Any CPU.ActiveCfg = Release|Any CPU
		{28F7D8C8-C851-4127-B164-8C452031D3D8}.Release|Any CPU.Build.0 = Release|Any CPU
		{A613FC60-8F6E-47BC-97C5-14C7A8DDE576}.Debug|Any CPU.ActiveCfg = Debug|Any CPU
		{A613FC60-8F6E-47BC-97C5-14C7A8DDE576}.Debug|Any CPU.Build.0 = Debug|Any CPU
		{A613FC60-8F6E-47BC-97C5-14C7A8DDE576}.Release|Any CPU.ActiveCfg = Release|Any CPU
		{A613FC60-8F6E-47BC-97C5-14C7A8DDE576}.Release|Any CPU.Build.0 = Release|Any CPU
	EndGlobalSection
	GlobalSection(SolutionProperties) = preSolution
		HideSolutionNode = FALSE
	EndGlobalSection
	GlobalSection(ExtensibilityGlobals) = postSolution
		SolutionGuid = {F4496581-9C47-4429-970D-FEF4BE7C0959}
	EndGlobalSection
EndGlobal
