
Microsoft Visual Studio Solution File, Format Version 12.00
# Visual Studio Version 17
VisualStudioVersion = 17.2.32630.192
MinimumVisualStudioVersion = 10.0.40219.1
Project("{9A19103F-16F7-4668-BE54-9A1E7A4F7556}") = "P01_Stealer", "P01_Stealer\P01_Stealer.csproj", "{11A5D05B-B6BD-4B47-9FDE-CAA407C30C54}"
EndProject
Project("{9A19103F-16F7-4668-BE54-9A1E7A4F7556}") = "P02_High_Quality_Mistakes", "P02_High_Quality_Mistakes\P02_High_Quality_Mistakes.csproj", "{C7170376-8E7E-4AC7-B030-A560C816DA10}"
EndProject
Project("{FAE04EC0-301F-11D3-BF4B-00C04F79EFBC}") = "P03_Mission_Private_Impossible", "P03_Mission_Private_Impossible\P03_Mission_Private_Impossible.csproj", "{5D1E6A83-A78D-441C-A99E-3702A6AC83F7}"
EndProject
Global
	GlobalSection(SolutionConfigurationPlatforms) = preSolution
		Debug|Any CPU = Debug|Any CPU
		Release|Any CPU = Release|Any CPU
	EndGlobalSection
	GlobalSection(ProjectConfigurationPlatforms) = postSolution
		{11A5D05B-B6BD-4B47-9FDE-CAA407C30C54}.Debug|Any CPU.ActiveCfg = Debug|Any CPU
		{11A5D05B-B6BD-4B47-9FDE-CAA407C30C54}.Debug|Any CPU.Build.0 = Debug|Any CPU
		{11A5D05B-B6BD-4B47-9FDE-CAA407C30C54}.Release|Any CPU.ActiveCfg = Release|Any CPU
		{11A5D05B-B6BD-4B47-9FDE-CAA407C30C54}.Release|Any CPU.Build.0 = Release|Any CPU
		{C7170376-8E7E-4AC7-B030-A560C816DA10}.Debug|Any CPU.ActiveCfg = Debug|Any CPU
		{C7170376-8E7E-4AC7-B030-A560C816DA10}.Debug|Any CPU.Build.0 = Debug|Any CPU
		{C7170376-8E7E-4AC7-B030-A560C816DA10}.Release|Any CPU.ActiveCfg = Release|Any CPU
		{C7170376-8E7E-4AC7-B030-A560C816DA10}.Release|Any CPU.Build.0 = Release|Any CPU
		{5D1E6A83-A78D-441C-A99E-3702A6AC83F7}.Debug|Any CPU.ActiveCfg = Debug|Any CPU
		{5D1E6A83-A78D-441C-A99E-3702A6AC83F7}.Debug|Any CPU.Build.0 = Debug|Any CPU
		{5D1E6A83-A78D-441C-A99E-3702A6AC83F7}.Release|Any CPU.ActiveCfg = Release|Any CPU
		{5D1E6A83-A78D-441C-A99E-3702A6AC83F7}.Release|Any CPU.Build.0 = Release|Any CPU
	EndGlobalSection
	GlobalSection(SolutionProperties) = preSolution
		HideSolutionNode = FALSE
	EndGlobalSection
	GlobalSection(ExtensibilityGlobals) = postSolution
		SolutionGuid = {7D4A67E7-E26A-4DA6-B31E-C11296D69210}
	EndGlobalSection
EndGlobal
