
Microsoft Visual Studio Solution File, Format Version 12.00
# Visual Studio Version 16
VisualStudioVersion = 16.0.29306.81
MinimumVisualStudioVersion = 10.0.40219.1
Project("{9A19103F-16F7-4668-BE54-9A1E7A4F7556}") = "Smallest_of_Three_Numbers", "Smallest_of_Three_Numbers\Smallest_of_Three_Numbers.csproj", "{4870A5D7-DED2-468C-B3F8-D678E6ABFD93}"
EndProject
Project("{9A19103F-16F7-4668-BE54-9A1E7A4F7556}") = "Vowels_Count", "Vowels_Count\Vowels_Count.csproj", "{AB83CAF2-FEB8-4758-BC87-1D3649790F0B}"
EndProject
Project("{9A19103F-16F7-4668-BE54-9A1E7A4F7556}") = "Characters_in_Range", "Characters_in_Range\Characters_in_Range.csproj", "{3B681D96-AE76-4A89-93A2-5EAC20CE4164}"
EndProject
Project("{9A19103F-16F7-4668-BE54-9A1E7A4F7556}") = "Password_Validator", "Password_Validator\Password_Validator.csproj", "{88F4CA46-92A8-42C7-8AE2-17C8CE258E59}"
EndProject
Project("{9A19103F-16F7-4668-BE54-9A1E7A4F7556}") = "Add_and_Subtract", "Add_and_Subtract\Add_and_Subtract.csproj", "{DA150501-F459-49AA-A3E3-41F1CB7B14BE}"
EndProject
Project("{9A19103F-16F7-4668-BE54-9A1E7A4F7556}") = "Middle_Characters", "Middle_Characters\Middle_Characters.csproj", "{45606A6D-04F2-4963-99AE-EE8A6FAB55B6}"
EndProject
Project("{9A19103F-16F7-4668-BE54-9A1E7A4F7556}") = "NxN_Matrix", "NxN_Matrix\NxN_Matrix.csproj", "{B41A9162-4AB4-4D1E-AAE9-95BC1C3F5457}"
EndProject
Project("{9A19103F-16F7-4668-BE54-9A1E7A4F7556}") = "Factorial_Division", "Factorial_Division\Factorial_Division.csproj", "{C8A7E144-18AF-4DFF-B3D6-2A1113BD6626}"
EndProject
Project("{9A19103F-16F7-4668-BE54-9A1E7A4F7556}") = "Palindrome_Integers", "Palindrome_Integers\Palindrome_Integers.csproj", "{5A041315-AE06-4220-AC2B-5D3EF8B02313}"
EndProject
Project("{9A19103F-16F7-4668-BE54-9A1E7A4F7556}") = "Top_Number", "Top_Number\Top_Number.csproj", "{9C6CD1E8-4F35-49AC-ADB8-B32507DF970D}"
EndProject
Project("{9A19103F-16F7-4668-BE54-9A1E7A4F7556}") = "Array_Manipulator", "Array_Manipulator\Array_Manipulator.csproj", "{9ACD5C53-E481-4002-95A1-E3275CEB208A}"
EndProject
Project("{FAE04EC0-301F-11D3-BF4B-00C04F79EFBC}") = "Cards_With_Nakov", "Cards_With_Nakov\Cards_With_Nakov.csproj", "{0FF97E29-982F-4CD0-8CCD-9EF734FD919E}"
EndProject
Global
	GlobalSection(SolutionConfigurationPlatforms) = preSolution
		Debug|Any CPU = Debug|Any CPU
		Release|Any CPU = Release|Any CPU
	EndGlobalSection
	GlobalSection(ProjectConfigurationPlatforms) = postSolution
		{4870A5D7-DED2-468C-B3F8-D678E6ABFD93}.Debug|Any CPU.ActiveCfg = Debug|Any CPU
		{4870A5D7-DED2-468C-B3F8-D678E6ABFD93}.Debug|Any CPU.Build.0 = Debug|Any CPU
		{4870A5D7-DED2-468C-B3F8-D678E6ABFD93}.Release|Any CPU.ActiveCfg = Release|Any CPU
		{4870A5D7-DED2-468C-B3F8-D678E6ABFD93}.Release|Any CPU.Build.0 = Release|Any CPU
		{AB83CAF2-FEB8-4758-BC87-1D3649790F0B}.Debug|Any CPU.ActiveCfg = Debug|Any CPU
		{AB83CAF2-FEB8-4758-BC87-1D3649790F0B}.Debug|Any CPU.Build.0 = Debug|Any CPU
		{AB83CAF2-FEB8-4758-BC87-1D3649790F0B}.Release|Any CPU.ActiveCfg = Release|Any CPU
		{AB83CAF2-FEB8-4758-BC87-1D3649790F0B}.Release|Any CPU.Build.0 = Release|Any CPU
		{3B681D96-AE76-4A89-93A2-5EAC20CE4164}.Debug|Any CPU.ActiveCfg = Debug|Any CPU
		{3B681D96-AE76-4A89-93A2-5EAC20CE4164}.Debug|Any CPU.Build.0 = Debug|Any CPU
		{3B681D96-AE76-4A89-93A2-5EAC20CE4164}.Release|Any CPU.ActiveCfg = Release|Any CPU
		{3B681D96-AE76-4A89-93A2-5EAC20CE4164}.Release|Any CPU.Build.0 = Release|Any CPU
		{88F4CA46-92A8-42C7-8AE2-17C8CE258E59}.Debug|Any CPU.ActiveCfg = Debug|Any CPU
		{88F4CA46-92A8-42C7-8AE2-17C8CE258E59}.Debug|Any CPU.Build.0 = Debug|Any CPU
		{88F4CA46-92A8-42C7-8AE2-17C8CE258E59}.Release|Any CPU.ActiveCfg = Release|Any CPU
		{88F4CA46-92A8-42C7-8AE2-17C8CE258E59}.Release|Any CPU.Build.0 = Release|Any CPU
		{DA150501-F459-49AA-A3E3-41F1CB7B14BE}.Debug|Any CPU.ActiveCfg = Debug|Any CPU
		{DA150501-F459-49AA-A3E3-41F1CB7B14BE}.Debug|Any CPU.Build.0 = Debug|Any CPU
		{DA150501-F459-49AA-A3E3-41F1CB7B14BE}.Release|Any CPU.ActiveCfg = Release|Any CPU
		{DA150501-F459-49AA-A3E3-41F1CB7B14BE}.Release|Any CPU.Build.0 = Release|Any CPU
		{45606A6D-04F2-4963-99AE-EE8A6FAB55B6}.Debug|Any CPU.ActiveCfg = Debug|Any CPU
		{45606A6D-04F2-4963-99AE-EE8A6FAB55B6}.Debug|Any CPU.Build.0 = Debug|Any CPU
		{45606A6D-04F2-4963-99AE-EE8A6FAB55B6}.Release|Any CPU.ActiveCfg = Release|Any CPU
		{45606A6D-04F2-4963-99AE-EE8A6FAB55B6}.Release|Any CPU.Build.0 = Release|Any CPU
		{B41A9162-4AB4-4D1E-AAE9-95BC1C3F5457}.Debug|Any CPU.ActiveCfg = Debug|Any CPU
		{B41A9162-4AB4-4D1E-AAE9-95BC1C3F5457}.Debug|Any CPU.Build.0 = Debug|Any CPU
		{B41A9162-4AB4-4D1E-AAE9-95BC1C3F5457}.Release|Any CPU.ActiveCfg = Release|Any CPU
		{B41A9162-4AB4-4D1E-AAE9-95BC1C3F5457}.Release|Any CPU.Build.0 = Release|Any CPU
		{C8A7E144-18AF-4DFF-B3D6-2A1113BD6626}.Debug|Any CPU.ActiveCfg = Debug|Any CPU
		{C8A7E144-18AF-4DFF-B3D6-2A1113BD6626}.Debug|Any CPU.Build.0 = Debug|Any CPU
		{C8A7E144-18AF-4DFF-B3D6-2A1113BD6626}.Release|Any CPU.ActiveCfg = Release|Any CPU
		{C8A7E144-18AF-4DFF-B3D6-2A1113BD6626}.Release|Any CPU.Build.0 = Release|Any CPU
		{5A041315-AE06-4220-AC2B-5D3EF8B02313}.Debug|Any CPU.ActiveCfg = Debug|Any CPU
		{5A041315-AE06-4220-AC2B-5D3EF8B02313}.Debug|Any CPU.Build.0 = Debug|Any CPU
		{5A041315-AE06-4220-AC2B-5D3EF8B02313}.Release|Any CPU.ActiveCfg = Release|Any CPU
		{5A041315-AE06-4220-AC2B-5D3EF8B02313}.Release|Any CPU.Build.0 = Release|Any CPU
		{9C6CD1E8-4F35-49AC-ADB8-B32507DF970D}.Debug|Any CPU.ActiveCfg = Debug|Any CPU
		{9C6CD1E8-4F35-49AC-ADB8-B32507DF970D}.Debug|Any CPU.Build.0 = Debug|Any CPU
		{9C6CD1E8-4F35-49AC-ADB8-B32507DF970D}.Release|Any CPU.ActiveCfg = Release|Any CPU
		{9C6CD1E8-4F35-49AC-ADB8-B32507DF970D}.Release|Any CPU.Build.0 = Release|Any CPU
		{9ACD5C53-E481-4002-95A1-E3275CEB208A}.Debug|Any CPU.ActiveCfg = Debug|Any CPU
		{9ACD5C53-E481-4002-95A1-E3275CEB208A}.Debug|Any CPU.Build.0 = Debug|Any CPU
		{9ACD5C53-E481-4002-95A1-E3275CEB208A}.Release|Any CPU.ActiveCfg = Release|Any CPU
		{9ACD5C53-E481-4002-95A1-E3275CEB208A}.Release|Any CPU.Build.0 = Release|Any CPU
		{0FF97E29-982F-4CD0-8CCD-9EF734FD919E}.Debug|Any CPU.ActiveCfg = Debug|Any CPU
		{0FF97E29-982F-4CD0-8CCD-9EF734FD919E}.Debug|Any CPU.Build.0 = Debug|Any CPU
		{0FF97E29-982F-4CD0-8CCD-9EF734FD919E}.Release|Any CPU.ActiveCfg = Release|Any CPU
		{0FF97E29-982F-4CD0-8CCD-9EF734FD919E}.Release|Any CPU.Build.0 = Release|Any CPU
	EndGlobalSection
	GlobalSection(SolutionProperties) = preSolution
		HideSolutionNode = FALSE
	EndGlobalSection
	GlobalSection(ExtensibilityGlobals) = postSolution
		SolutionGuid = {053BD618-9CCC-4A35-970A-97D1617D5E4F}
	EndGlobalSection
EndGlobal
