
Microsoft Visual Studio Solution File, Format Version 12.00
# Visual Studio Version 17
VisualStudioVersion = 17.4.33213.308
MinimumVisualStudioVersion = 10.0.40219.1
Project("{9A19103F-16F7-4668-BE54-9A1E7A4F7556}") = "Tree", "Tree\Tree.csproj", "{DF1B1FAD-CD66-4D5B-8EB8-508E3E8AFA78}"
EndProject
Project("{9A19103F-16F7-4668-BE54-9A1E7A4F7556}") = "Tree.Tests", "Tree.Tests\Tree.Tests.csproj", "{37E9B483-D8B7-4728-ADBC-7D357BE72271}"
EndProject
Project("{9A19103F-16F7-4668-BE54-9A1E7A4F7556}") = "Demo", "Demo\Demo.csproj", "{72F53957-A83D-44D7-9EA9-67E4D64DBCA5}"
EndProject
Global
	GlobalSection(SolutionConfigurationPlatforms) = preSolution
		Debug|Any CPU = Debug|Any CPU
		Release|Any CPU = Release|Any CPU
	EndGlobalSection
	GlobalSection(ProjectConfigurationPlatforms) = postSolution
		{DF1B1FAD-CD66-4D5B-8EB8-508E3E8AFA78}.Debug|Any CPU.ActiveCfg = Debug|Any CPU
		{DF1B1FAD-CD66-4D5B-8EB8-508E3E8AFA78}.Debug|Any CPU.Build.0 = Debug|Any CPU
		{DF1B1FAD-CD66-4D5B-8EB8-508E3E8AFA78}.Release|Any CPU.ActiveCfg = Release|Any CPU
		{DF1B1FAD-CD66-4D5B-8EB8-508E3E8AFA78}.Release|Any CPU.Build.0 = Release|Any CPU
		{37E9B483-D8B7-4728-ADBC-7D357BE72271}.Debug|Any CPU.ActiveCfg = Debug|Any CPU
		{37E9B483-D8B7-4728-ADBC-7D357BE72271}.Debug|Any CPU.Build.0 = Debug|Any CPU
		{37E9B483-D8B7-4728-ADBC-7D357BE72271}.Release|Any CPU.ActiveCfg = Release|Any CPU
		{37E9B483-D8B7-4728-ADBC-7D357BE72271}.Release|Any CPU.Build.0 = Release|Any CPU
		{72F53957-A83D-44D7-9EA9-67E4D64DBCA5}.Debug|Any CPU.ActiveCfg = Debug|Any CPU
		{72F53957-A83D-44D7-9EA9-67E4D64DBCA5}.Debug|Any CPU.Build.0 = Debug|Any CPU
		{72F53957-A83D-44D7-9EA9-67E4D64DBCA5}.Release|Any CPU.ActiveCfg = Release|Any CPU
		{72F53957-A83D-44D7-9EA9-67E4D64DBCA5}.Release|Any CPU.Build.0 = Release|Any CPU
	EndGlobalSection
	GlobalSection(SolutionProperties) = preSolution
		HideSolutionNode = FALSE
	EndGlobalSection
	GlobalSection(ExtensibilityGlobals) = postSolution
		SolutionGuid = {7EF0E59C-4858-408C-A716-0FA98FBF600B}
	EndGlobalSection
EndGlobal
