
Microsoft Visual Studio Solution File, Format Version 12.00
# Visual Studio Version 17
VisualStudioVersion = 17.2.32526.322
MinimumVisualStudioVersion = 10.0.40219.1
Project("{9A19103F-16F7-4668-BE54-9A1E7A4F7556}") = "P01_ListyIterator", "P01_ListyIterator\P01_ListyIterator.csproj", "{575E4BBD-0226-48C5-A5AE-0B6D3A9843E8}"
EndProject
Project("{9A19103F-16F7-4668-BE54-9A1E7A4F7556}") = "P02_Collection", "P02_Collection\P02_Collection.csproj", "{F4EF5A4D-AE76-40C9-8CE5-5402EAA49C2F}"
EndProject
Project("{9A19103F-16F7-4668-BE54-9A1E7A4F7556}") = "P03_Stack", "P03_Stack\P03_Stack.csproj", "{91EA056B-1400-4CB5-A2DA-E0A6EAC4EC92}"
EndProject
Project("{9A19103F-16F7-4668-BE54-9A1E7A4F7556}") = "P04_Froggy", "P04_Froggy\P04_Froggy.csproj", "{BD31ED6B-5603-4801-B212-093AD4C0A1E3}"
EndProject
Project("{9A19103F-16F7-4668-BE54-9A1E7A4F7556}") = "P05_Comparing_Objects", "P05_Comparing_Objects\P05_Comparing_Objects.csproj", "{6466A21C-E779-4242-8C12-CF94CE68BAFD}"
EndProject
Project("{FAE04EC0-301F-11D3-BF4B-00C04F79EFBC}") = "P06_Equality_Logic", "P06_Equality_Logic\P06_Equality_Logic.csproj", "{FE8BC9E0-CACC-46E4-B48A-5B2BC593CD66}"
EndProject
Project("{FAE04EC0-301F-11D3-BF4B-00C04F79EFBC}") = "P07_Custom_Comparator", "P07_Custom_Comparator\P07_Custom_Comparator.csproj", "{B6EDC941-4D12-4147-965D-3329B3A6C7DA}"
EndProject
Global
	GlobalSection(SolutionConfigurationPlatforms) = preSolution
		Debug|Any CPU = Debug|Any CPU
		Release|Any CPU = Release|Any CPU
	EndGlobalSection
	GlobalSection(ProjectConfigurationPlatforms) = postSolution
		{575E4BBD-0226-48C5-A5AE-0B6D3A9843E8}.Debug|Any CPU.ActiveCfg = Debug|Any CPU
		{575E4BBD-0226-48C5-A5AE-0B6D3A9843E8}.Debug|Any CPU.Build.0 = Debug|Any CPU
		{575E4BBD-0226-48C5-A5AE-0B6D3A9843E8}.Release|Any CPU.ActiveCfg = Release|Any CPU
		{575E4BBD-0226-48C5-A5AE-0B6D3A9843E8}.Release|Any CPU.Build.0 = Release|Any CPU
		{F4EF5A4D-AE76-40C9-8CE5-5402EAA49C2F}.Debug|Any CPU.ActiveCfg = Debug|Any CPU
		{F4EF5A4D-AE76-40C9-8CE5-5402EAA49C2F}.Debug|Any CPU.Build.0 = Debug|Any CPU
		{F4EF5A4D-AE76-40C9-8CE5-5402EAA49C2F}.Release|Any CPU.ActiveCfg = Release|Any CPU
		{F4EF5A4D-AE76-40C9-8CE5-5402EAA49C2F}.Release|Any CPU.Build.0 = Release|Any CPU
		{91EA056B-1400-4CB5-A2DA-E0A6EAC4EC92}.Debug|Any CPU.ActiveCfg = Debug|Any CPU
		{91EA056B-1400-4CB5-A2DA-E0A6EAC4EC92}.Debug|Any CPU.Build.0 = Debug|Any CPU
		{91EA056B-1400-4CB5-A2DA-E0A6EAC4EC92}.Release|Any CPU.ActiveCfg = Release|Any CPU
		{91EA056B-1400-4CB5-A2DA-E0A6EAC4EC92}.Release|Any CPU.Build.0 = Release|Any CPU
		{BD31ED6B-5603-4801-B212-093AD4C0A1E3}.Debug|Any CPU.ActiveCfg = Debug|Any CPU
		{BD31ED6B-5603-4801-B212-093AD4C0A1E3}.Debug|Any CPU.Build.0 = Debug|Any CPU
		{BD31ED6B-5603-4801-B212-093AD4C0A1E3}.Release|Any CPU.ActiveCfg = Release|Any CPU
		{BD31ED6B-5603-4801-B212-093AD4C0A1E3}.Release|Any CPU.Build.0 = Release|Any CPU
		{6466A21C-E779-4242-8C12-CF94CE68BAFD}.Debug|Any CPU.ActiveCfg = Debug|Any CPU
		{6466A21C-E779-4242-8C12-CF94CE68BAFD}.Debug|Any CPU.Build.0 = Debug|Any CPU
		{6466A21C-E779-4242-8C12-CF94CE68BAFD}.Release|Any CPU.ActiveCfg = Release|Any CPU
		{6466A21C-E779-4242-8C12-CF94CE68BAFD}.Release|Any CPU.Build.0 = Release|Any CPU
		{FE8BC9E0-CACC-46E4-B48A-5B2BC593CD66}.Debug|Any CPU.ActiveCfg = Debug|Any CPU
		{FE8BC9E0-CACC-46E4-B48A-5B2BC593CD66}.Debug|Any CPU.Build.0 = Debug|Any CPU
		{FE8BC9E0-CACC-46E4-B48A-5B2BC593CD66}.Release|Any CPU.ActiveCfg = Release|Any CPU
		{FE8BC9E0-CACC-46E4-B48A-5B2BC593CD66}.Release|Any CPU.Build.0 = Release|Any CPU
		{B6EDC941-4D12-4147-965D-3329B3A6C7DA}.Debug|Any CPU.ActiveCfg = Debug|Any CPU
		{B6EDC941-4D12-4147-965D-3329B3A6C7DA}.Debug|Any CPU.Build.0 = Debug|Any CPU
		{B6EDC941-4D12-4147-965D-3329B3A6C7DA}.Release|Any CPU.ActiveCfg = Release|Any CPU
		{B6EDC941-4D12-4147-965D-3329B3A6C7DA}.Release|Any CPU.Build.0 = Release|Any CPU
	EndGlobalSection
	GlobalSection(SolutionProperties) = preSolution
		HideSolutionNode = FALSE
	EndGlobalSection
	GlobalSection(ExtensibilityGlobals) = postSolution
		SolutionGuid = {025ECE9E-0BB1-49E0-90E0-EC87BE5F96D1}
	EndGlobalSection
EndGlobal
