
Microsoft Visual Studio Solution File, Format Version 12.00
# Visual Studio Version 17
VisualStudioVersion = 17.1.32319.34
MinimumVisualStudioVersion = 10.0.40219.1
Project("{FAE04EC0-301F-11D3-BF4B-00C04F79EFBC}") = "P01_World_Tour", "P01_World_Tour\P01_World_Tour.csproj", "{548E143D-FC3D-4CCB-AFEC-AABD200D3D03}"
EndProject
Global
	GlobalSection(SolutionConfigurationPlatforms) = preSolution
		Debug|Any CPU = Debug|Any CPU
		Release|Any CPU = Release|Any CPU
	EndGlobalSection
	GlobalSection(ProjectConfigurationPlatforms) = postSolution
		{548E143D-FC3D-4CCB-AFEC-AABD200D3D03}.Debug|Any CPU.ActiveCfg = Debug|Any CPU
		{548E143D-FC3D-4CCB-AFEC-AABD200D3D03}.Debug|Any CPU.Build.0 = Debug|Any CPU
		{548E143D-FC3D-4CCB-AFEC-AABD200D3D03}.Release|Any CPU.ActiveCfg = Release|Any CPU
		{548E143D-FC3D-4CCB-AFEC-AABD200D3D03}.Release|Any CPU.Build.0 = Release|Any CPU
	EndGlobalSection
	GlobalSection(SolutionProperties) = preSolution
		HideSolutionNode = FALSE
	EndGlobalSection
	GlobalSection(ExtensibilityGlobals) = postSolution
		SolutionGuid = {864AF7FF-23B4-4A03-ADE2-F7DA878533D0}
	EndGlobalSection
EndGlobal
