
Microsoft Visual Studio Solution File, Format Version 12.00
# Visual Studio Version 17
VisualStudioVersion = 17.2.32616.157
MinimumVisualStudioVersion = 10.0.40219.1
Project("{FAE04EC0-301F-11D3-BF4B-00C04F79EFBC}") = "P01_Math_Operations", "P01_Math_Operations\P01_Math_Operations.csproj", "{FF830B41-FCBF-4608-A65C-19B6AE806CD9}"
EndProject
Global
	GlobalSection(SolutionConfigurationPlatforms) = preSolution
		Debug|Any CPU = Debug|Any CPU
		Release|Any CPU = Release|Any CPU
	EndGlobalSection
	GlobalSection(ProjectConfigurationPlatforms) = postSolution
		{FF830B41-FCBF-4608-A65C-19B6AE806CD9}.Debug|Any CPU.ActiveCfg = Debug|Any CPU
		{FF830B41-FCBF-4608-A65C-19B6AE806CD9}.Debug|Any CPU.Build.0 = Debug|Any CPU
		{FF830B41-FCBF-4608-A65C-19B6AE806CD9}.Release|Any CPU.ActiveCfg = Release|Any CPU
		{FF830B41-FCBF-4608-A65C-19B6AE806CD9}.Release|Any CPU.Build.0 = Release|Any CPU
	EndGlobalSection
	GlobalSection(SolutionProperties) = preSolution
		HideSolutionNode = FALSE
	EndGlobalSection
	GlobalSection(ExtensibilityGlobals) = postSolution
		SolutionGuid = {926C151E-32CC-405A-AB11-3E8E699A303F}
	EndGlobalSection
EndGlobal
