
Microsoft Visual Studio Solution File, Format Version 12.00
# Visual Studio Version 17
VisualStudioVersion = 17.2.32526.322
MinimumVisualStudioVersion = 10.0.40219.1
Project("{FAE04EC0-301F-11D3-BF4B-00C04F79EFBC}") = "P01_Car", "P01_Car\P01_Car.csproj", "{9FC95834-A6EE-40BD-8BF0-B31D206B97C2}"
EndProject
Global
	GlobalSection(SolutionConfigurationPlatforms) = preSolution
		Debug|Any CPU = Debug|Any CPU
		Release|Any CPU = Release|Any CPU
	EndGlobalSection
	GlobalSection(ProjectConfigurationPlatforms) = postSolution
		{9FC95834-A6EE-40BD-8BF0-B31D206B97C2}.Debug|Any CPU.ActiveCfg = Debug|Any CPU
		{9FC95834-A6EE-40BD-8BF0-B31D206B97C2}.Debug|Any CPU.Build.0 = Debug|Any CPU
		{9FC95834-A6EE-40BD-8BF0-B31D206B97C2}.Release|Any CPU.ActiveCfg = Release|Any CPU
		{9FC95834-A6EE-40BD-8BF0-B31D206B97C2}.Release|Any CPU.Build.0 = Release|Any CPU
	EndGlobalSection
	GlobalSection(SolutionProperties) = preSolution
		HideSolutionNode = FALSE
	EndGlobalSection
	GlobalSection(ExtensibilityGlobals) = postSolution
		SolutionGuid = {32252FED-DB22-4DF1-9FFF-09B753CD52BF}
	EndGlobalSection
EndGlobal
