
Microsoft Visual Studio Solution File, Format Version 12.00
# Visual Studio Version 16
VisualStudioVersion = 16.0.29613.14
MinimumVisualStudioVersion = 10.0.40219.1
Project("{9A19103F-16F7-4668-BE54-9A1E7A4F7556}") = "Count_Chars_in_a_String", "Count_Chars_in_a_String\Count_Chars_in_a_String.csproj", "{4DE820E1-E97B-49A0-8858-6BFD2346BE37}"
EndProject
Project("{9A19103F-16F7-4668-BE54-9A1E7A4F7556}") = "A_Miner_Task", "A_Miner_Task\A_Miner_Task.csproj", "{E7BC77F1-9856-4107-B285-A2A468CF70D9}"
EndProject
Project("{9A19103F-16F7-4668-BE54-9A1E7A4F7556}") = "Legendary_Farming", "Legendary_Farming\Legendary_Farming.csproj", "{991D8EE2-F3D5-4EAB-AC32-6886BCC0222C}"
EndProject
Project("{9A19103F-16F7-4668-BE54-9A1E7A4F7556}") = "Orders", "Orders\Orders.csproj", "{83349083-CDF4-46DE-B0B7-E16BBD006062}"
EndProject
Project("{9A19103F-16F7-4668-BE54-9A1E7A4F7556}") = "SoftUni_Parking", "SoftUni_Parking\SoftUni_Parking.csproj", "{A676AE1E-B5C8-4099-8AB8-EFE9FDA54C3F}"
EndProject
Project("{9A19103F-16F7-4668-BE54-9A1E7A4F7556}") = "Courses", "Courses\Courses.csproj", "{CBE1A3B1-8F89-42EE-9979-3A156FDB3B4F}"
EndProject
Project("{9A19103F-16F7-4668-BE54-9A1E7A4F7556}") = "Student_Academy", "Student_Academy\Student_Academy.csproj", "{F1928CC0-4A60-4D63-8FA6-C57F268D46D6}"
EndProject
Project("{9A19103F-16F7-4668-BE54-9A1E7A4F7556}") = "Company_Users", "Company_Users\Company_Users.csproj", "{2B8A77A3-F8C8-48B6-83C8-9FD4BCB034EE}"
EndProject
Project("{9A19103F-16F7-4668-BE54-9A1E7A4F7556}") = "ForceBook", "ForceBook\ForceBook.csproj", "{E9952D4D-90CD-499E-9173-3C9DDDDEA886}"
EndProject
Project("{9A19103F-16F7-4668-BE54-9A1E7A4F7556}") = "ForceBook2", "ForceBook2\ForceBook2.csproj", "{F58C9383-D9CE-41CD-B260-D20AEF4DE5F2}"
EndProject
Project("{FAE04EC0-301F-11D3-BF4B-00C04F79EFBC}") = "SoftUni_Exam_Results", "SoftUni_Exam_Results\SoftUni_Exam_Results.csproj", "{E0A08A4E-FA72-48E8-BA1B-A3A72866161B}"
EndProject
Project("{FAE04EC0-301F-11D3-BF4B-00C04F79EFBC}") = "SoftUni_Exam_Results2", "SoftUni_Exam_Results2\SoftUni_Exam_Results2.csproj", "{8A81397A-14E7-4A58-9AD0-EAD9934ED6A9}"
EndProject
Global
	GlobalSection(SolutionConfigurationPlatforms) = preSolution
		Debug|Any CPU = Debug|Any CPU
		Release|Any CPU = Release|Any CPU
	EndGlobalSection
	GlobalSection(ProjectConfigurationPlatforms) = postSolution
		{4DE820E1-E97B-49A0-8858-6BFD2346BE37}.Debug|Any CPU.ActiveCfg = Debug|Any CPU
		{4DE820E1-E97B-49A0-8858-6BFD2346BE37}.Debug|Any CPU.Build.0 = Debug|Any CPU
		{4DE820E1-E97B-49A0-8858-6BFD2346BE37}.Release|Any CPU.ActiveCfg = Release|Any CPU
		{4DE820E1-E97B-49A0-8858-6BFD2346BE37}.Release|Any CPU.Build.0 = Release|Any CPU
		{E7BC77F1-9856-4107-B285-A2A468CF70D9}.Debug|Any CPU.ActiveCfg = Debug|Any CPU
		{E7BC77F1-9856-4107-B285-A2A468CF70D9}.Debug|Any CPU.Build.0 = Debug|Any CPU
		{E7BC77F1-9856-4107-B285-A2A468CF70D9}.Release|Any CPU.ActiveCfg = Release|Any CPU
		{E7BC77F1-9856-4107-B285-A2A468CF70D9}.Release|Any CPU.Build.0 = Release|Any CPU
		{991D8EE2-F3D5-4EAB-AC32-6886BCC0222C}.Debug|Any CPU.ActiveCfg = Debug|Any CPU
		{991D8EE2-F3D5-4EAB-AC32-6886BCC0222C}.Debug|Any CPU.Build.0 = Debug|Any CPU
		{991D8EE2-F3D5-4EAB-AC32-6886BCC0222C}.Release|Any CPU.ActiveCfg = Release|Any CPU
		{991D8EE2-F3D5-4EAB-AC32-6886BCC0222C}.Release|Any CPU.Build.0 = Release|Any CPU
		{83349083-CDF4-46DE-B0B7-E16BBD006062}.Debug|Any CPU.ActiveCfg = Debug|Any CPU
		{83349083-CDF4-46DE-B0B7-E16BBD006062}.Debug|Any CPU.Build.0 = Debug|Any CPU
		{83349083-CDF4-46DE-B0B7-E16BBD006062}.Release|Any CPU.ActiveCfg = Release|Any CPU
		{83349083-CDF4-46DE-B0B7-E16BBD006062}.Release|Any CPU.Build.0 = Release|Any CPU
		{A676AE1E-B5C8-4099-8AB8-EFE9FDA54C3F}.Debug|Any CPU.ActiveCfg = Debug|Any CPU
		{A676AE1E-B5C8-4099-8AB8-EFE9FDA54C3F}.Debug|Any CPU.Build.0 = Debug|Any CPU
		{A676AE1E-B5C8-4099-8AB8-EFE9FDA54C3F}.Release|Any CPU.ActiveCfg = Release|Any CPU
		{A676AE1E-B5C8-4099-8AB8-EFE9FDA54C3F}.Release|Any CPU.Build.0 = Release|Any CPU
		{CBE1A3B1-8F89-42EE-9979-3A156FDB3B4F}.Debug|Any CPU.ActiveCfg = Debug|Any CPU
		{CBE1A3B1-8F89-42EE-9979-3A156FDB3B4F}.Debug|Any CPU.Build.0 = Debug|Any CPU
		{CBE1A3B1-8F89-42EE-9979-3A156FDB3B4F}.Release|Any CPU.ActiveCfg = Release|Any CPU
		{CBE1A3B1-8F89-42EE-9979-3A156FDB3B4F}.Release|Any CPU.Build.0 = Release|Any CPU
		{F1928CC0-4A60-4D63-8FA6-C57F268D46D6}.Debug|Any CPU.ActiveCfg = Debug|Any CPU
		{F1928CC0-4A60-4D63-8FA6-C57F268D46D6}.Debug|Any CPU.Build.0 = Debug|Any CPU
		{F1928CC0-4A60-4D63-8FA6-C57F268D46D6}.Release|Any CPU.ActiveCfg = Release|Any CPU
		{F1928CC0-4A60-4D63-8FA6-C57F268D46D6}.Release|Any CPU.Build.0 = Release|Any CPU
		{2B8A77A3-F8C8-48B6-83C8-9FD4BCB034EE}.Debug|Any CPU.ActiveCfg = Debug|Any CPU
		{2B8A77A3-F8C8-48B6-83C8-9FD4BCB034EE}.Debug|Any CPU.Build.0 = Debug|Any CPU
		{2B8A77A3-F8C8-48B6-83C8-9FD4BCB034EE}.Release|Any CPU.ActiveCfg = Release|Any CPU
		{2B8A77A3-F8C8-48B6-83C8-9FD4BCB034EE}.Release|Any CPU.Build.0 = Release|Any CPU
		{E9952D4D-90CD-499E-9173-3C9DDDDEA886}.Debug|Any CPU.ActiveCfg = Debug|Any CPU
		{E9952D4D-90CD-499E-9173-3C9DDDDEA886}.Debug|Any CPU.Build.0 = Debug|Any CPU
		{E9952D4D-90CD-499E-9173-3C9DDDDEA886}.Release|Any CPU.ActiveCfg = Release|Any CPU
		{E9952D4D-90CD-499E-9173-3C9DDDDEA886}.Release|Any CPU.Build.0 = Release|Any CPU
		{F58C9383-D9CE-41CD-B260-D20AEF4DE5F2}.Debug|Any CPU.ActiveCfg = Debug|Any CPU
		{F58C9383-D9CE-41CD-B260-D20AEF4DE5F2}.Debug|Any CPU.Build.0 = Debug|Any CPU
		{F58C9383-D9CE-41CD-B260-D20AEF4DE5F2}.Release|Any CPU.ActiveCfg = Release|Any CPU
		{F58C9383-D9CE-41CD-B260-D20AEF4DE5F2}.Release|Any CPU.Build.0 = Release|Any CPU
		{E0A08A4E-FA72-48E8-BA1B-A3A72866161B}.Debug|Any CPU.ActiveCfg = Debug|Any CPU
		{E0A08A4E-FA72-48E8-BA1B-A3A72866161B}.Debug|Any CPU.Build.0 = Debug|Any CPU
		{E0A08A4E-FA72-48E8-BA1B-A3A72866161B}.Release|Any CPU.ActiveCfg = Release|Any CPU
		{E0A08A4E-FA72-48E8-BA1B-A3A72866161B}.Release|Any CPU.Build.0 = Release|Any CPU
		{8A81397A-14E7-4A58-9AD0-EAD9934ED6A9}.Debug|Any CPU.ActiveCfg = Debug|Any CPU
		{8A81397A-14E7-4A58-9AD0-EAD9934ED6A9}.Debug|Any CPU.Build.0 = Debug|Any CPU
		{8A81397A-14E7-4A58-9AD0-EAD9934ED6A9}.Release|Any CPU.ActiveCfg = Release|Any CPU
		{8A81397A-14E7-4A58-9AD0-EAD9934ED6A9}.Release|Any CPU.Build.0 = Release|Any CPU
	EndGlobalSection
	GlobalSection(SolutionProperties) = preSolution
		HideSolutionNode = FALSE
	EndGlobalSection
	GlobalSection(ExtensibilityGlobals) = postSolution
		SolutionGuid = {5FCB9927-3A07-417D-8912-851D4D85A2AD}
	EndGlobalSection
EndGlobal
