
Microsoft Visual Studio Solution File, Format Version 12.00
# Visual Studio Version 17
VisualStudioVersion = 17.2.32519.379
MinimumVisualStudioVersion = 10.0.40219.1
Project("{9A19103F-16F7-4668-BE54-9A1E7A4F7556}") = "P01_Sort_Even_Numbers", "P01_Sort_Even_Numbers\P01_Sort_Even_Numbers.csproj", "{088967A0-66AC-4343-AE49-AF89B76191B5}"
EndProject
Project("{FAE04EC0-301F-11D3-BF4B-00C04F79EFBC}") = "P02_Sum_Numbers", "P02_Sum_Numbers\P02_Sum_Numbers.csproj", "{FD019431-2F71-40EA-9683-479A06296331}"
EndProject
Project("{FAE04EC0-301F-11D3-BF4B-00C04F79EFBC}") = "P03_Count_Uppercase_Words", "P03_Count_Uppercase_Words\P03_Count_Uppercase_Words.csproj", "{82061FC5-9920-4659-B945-27ADD0433439}"
EndProject
Project("{FAE04EC0-301F-11D3-BF4B-00C04F79EFBC}") = "P04_Add_VAT", "P04_Add_VAT\P04_Add_VAT.csproj", "{5670ECB6-BAC5-4A83-8351-2CA5C6033B1C}"
EndProject
Global
	GlobalSection(SolutionConfigurationPlatforms) = preSolution
		Debug|Any CPU = Debug|Any CPU
		Release|Any CPU = Release|Any CPU
	EndGlobalSection
	GlobalSection(ProjectConfigurationPlatforms) = postSolution
		{088967A0-66AC-4343-AE49-AF89B76191B5}.Debug|Any CPU.ActiveCfg = Debug|Any CPU
		{088967A0-66AC-4343-AE49-AF89B76191B5}.Debug|Any CPU.Build.0 = Debug|Any CPU
		{088967A0-66AC-4343-AE49-AF89B76191B5}.Release|Any CPU.ActiveCfg = Release|Any CPU
		{088967A0-66AC-4343-AE49-AF89B76191B5}.Release|Any CPU.Build.0 = Release|Any CPU
		{FD019431-2F71-40EA-9683-479A06296331}.Debug|Any CPU.ActiveCfg = Debug|Any CPU
		{FD019431-2F71-40EA-9683-479A06296331}.Debug|Any CPU.Build.0 = Debug|Any CPU
		{FD019431-2F71-40EA-9683-479A06296331}.Release|Any CPU.ActiveCfg = Release|Any CPU
		{FD019431-2F71-40EA-9683-479A06296331}.Release|Any CPU.Build.0 = Release|Any CPU
		{82061FC5-9920-4659-B945-27ADD0433439}.Debug|Any CPU.ActiveCfg = Debug|Any CPU
		{82061FC5-9920-4659-B945-27ADD0433439}.Debug|Any CPU.Build.0 = Debug|Any CPU
		{82061FC5-9920-4659-B945-27ADD0433439}.Release|Any CPU.ActiveCfg = Release|Any CPU
		{82061FC5-9920-4659-B945-27ADD0433439}.Release|Any CPU.Build.0 = Release|Any CPU
		{5670ECB6-BAC5-4A83-8351-2CA5C6033B1C}.Debug|Any CPU.ActiveCfg = Debug|Any CPU
		{5670ECB6-BAC5-4A83-8351-2CA5C6033B1C}.Debug|Any CPU.Build.0 = Debug|Any CPU
		{5670ECB6-BAC5-4A83-8351-2CA5C6033B1C}.Release|Any CPU.ActiveCfg = Release|Any CPU
		{5670ECB6-BAC5-4A83-8351-2CA5C6033B1C}.Release|Any CPU.Build.0 = Release|Any CPU
	EndGlobalSection
	GlobalSection(SolutionProperties) = preSolution
		HideSolutionNode = FALSE
	EndGlobalSection
	GlobalSection(ExtensibilityGlobals) = postSolution
		SolutionGuid = {9230BECE-5BD5-41DB-BBC3-22339E67FB00}
	EndGlobalSection
EndGlobal
