
Microsoft Visual Studio Solution File, Format Version 12.00
# Visual Studio Version 16
VisualStudioVersion = 16.0.30104.148
MinimumVisualStudioVersion = 10.0.40219.1
Project("{9A19103F-16F7-4668-BE54-9A1E7A4F7556}") = "Sum_Matrix_Elements", "Sum_Matrix_Elements\Sum_Matrix_Elements.csproj", "{352885D3-B2A3-4A99-9CA0-2BAF0676EB5C}"
EndProject
Project("{9A19103F-16F7-4668-BE54-9A1E7A4F7556}") = "Sum _Matrix_Columns", "Sum _Matrix_Columns\Sum _Matrix_Columns.csproj", "{99659BD7-ECD8-429D-858F-14C42AE62C0C}"
EndProject
Project("{9A19103F-16F7-4668-BE54-9A1E7A4F7556}") = "Primary_Diagonal", "Primary_Diagonal\Primary_Diagonal.csproj", "{A83967C7-9216-4EF6-9F84-93F27BE0E3DC}"
EndProject
Project("{9A19103F-16F7-4668-BE54-9A1E7A4F7556}") = "Symbol_in_Matrix", "Symbol_in_Matrix\Symbol_in_Matrix.csproj", "{19F6367E-D51A-4471-935A-346A7BF419F0}"
EndProject
Project("{9A19103F-16F7-4668-BE54-9A1E7A4F7556}") = "Square_With_Maximum_Sum", "Square_With_Maximum_Sum\Square_With_Maximum_Sum.csproj", "{F8A4DA9C-96DD-4878-8CC2-0FCE5BBF7DC3}"
EndProject
Project("{FAE04EC0-301F-11D3-BF4B-00C04F79EFBC}") = "Jagged_Array_Modification", "Jagged_Array_Modification\Jagged_Array_Modification.csproj", "{86581948-A521-4017-BC75-9458B8611EBA}"
EndProject
Project("{FAE04EC0-301F-11D3-BF4B-00C04F79EFBC}") = "Pascal_Triangle", "Pascal_Triangle\Pascal_Triangle.csproj", "{4225C3A0-753F-4D32-853E-8EF619551012}"
EndProject
Global
	GlobalSection(SolutionConfigurationPlatforms) = preSolution
		Debug|Any CPU = Debug|Any CPU
		Release|Any CPU = Release|Any CPU
	EndGlobalSection
	GlobalSection(ProjectConfigurationPlatforms) = postSolution
		{352885D3-B2A3-4A99-9CA0-2BAF0676EB5C}.Debug|Any CPU.ActiveCfg = Debug|Any CPU
		{352885D3-B2A3-4A99-9CA0-2BAF0676EB5C}.Debug|Any CPU.Build.0 = Debug|Any CPU
		{352885D3-B2A3-4A99-9CA0-2BAF0676EB5C}.Release|Any CPU.ActiveCfg = Release|Any CPU
		{352885D3-B2A3-4A99-9CA0-2BAF0676EB5C}.Release|Any CPU.Build.0 = Release|Any CPU
		{99659BD7-ECD8-429D-858F-14C42AE62C0C}.Debug|Any CPU.ActiveCfg = Debug|Any CPU
		{99659BD7-ECD8-429D-858F-14C42AE62C0C}.Debug|Any CPU.Build.0 = Debug|Any CPU
		{99659BD7-ECD8-429D-858F-14C42AE62C0C}.Release|Any CPU.ActiveCfg = Release|Any CPU
		{99659BD7-ECD8-429D-858F-14C42AE62C0C}.Release|Any CPU.Build.0 = Release|Any CPU
		{A83967C7-9216-4EF6-9F84-93F27BE0E3DC}.Debug|Any CPU.ActiveCfg = Debug|Any CPU
		{A83967C7-9216-4EF6-9F84-93F27BE0E3DC}.Debug|Any CPU.Build.0 = Debug|Any CPU
		{A83967C7-9216-4EF6-9F84-93F27BE0E3DC}.Release|Any CPU.ActiveCfg = Release|Any CPU
		{A83967C7-9216-4EF6-9F84-93F27BE0E3DC}.Release|Any CPU.Build.0 = Release|Any CPU
		{19F6367E-D51A-4471-935A-346A7BF419F0}.Debug|Any CPU.ActiveCfg = Debug|Any CPU
		{19F6367E-D51A-4471-935A-346A7BF419F0}.Debug|Any CPU.Build.0 = Debug|Any CPU
		{19F6367E-D51A-4471-935A-346A7BF419F0}.Release|Any CPU.ActiveCfg = Release|Any CPU
		{19F6367E-D51A-4471-935A-346A7BF419F0}.Release|Any CPU.Build.0 = Release|Any CPU
		{F8A4DA9C-96DD-4878-8CC2-0FCE5BBF7DC3}.Debug|Any CPU.ActiveCfg = Debug|Any CPU
		{F8A4DA9C-96DD-4878-8CC2-0FCE5BBF7DC3}.Debug|Any CPU.Build.0 = Debug|Any CPU
		{F8A4DA9C-96DD-4878-8CC2-0FCE5BBF7DC3}.Release|Any CPU.ActiveCfg = Release|Any CPU
		{F8A4DA9C-96DD-4878-8CC2-0FCE5BBF7DC3}.Release|Any CPU.Build.0 = Release|Any CPU
		{86581948-A521-4017-BC75-9458B8611EBA}.Debug|Any CPU.ActiveCfg = Debug|Any CPU
		{86581948-A521-4017-BC75-9458B8611EBA}.Debug|Any CPU.Build.0 = Debug|Any CPU
		{86581948-A521-4017-BC75-9458B8611EBA}.Release|Any CPU.ActiveCfg = Release|Any CPU
		{86581948-A521-4017-BC75-9458B8611EBA}.Release|Any CPU.Build.0 = Release|Any CPU
		{4225C3A0-753F-4D32-853E-8EF619551012}.Debug|Any CPU.ActiveCfg = Debug|Any CPU
		{4225C3A0-753F-4D32-853E-8EF619551012}.Debug|Any CPU.Build.0 = Debug|Any CPU
		{4225C3A0-753F-4D32-853E-8EF619551012}.Release|Any CPU.ActiveCfg = Release|Any CPU
		{4225C3A0-753F-4D32-853E-8EF619551012}.Release|Any CPU.Build.0 = Release|Any CPU
	EndGlobalSection
	GlobalSection(SolutionProperties) = preSolution
		HideSolutionNode = FALSE
	EndGlobalSection
	GlobalSection(ExtensibilityGlobals) = postSolution
		SolutionGuid = {8314E665-3A6D-4019-8119-35165BC7E8CC}
	EndGlobalSection
EndGlobal
