
Microsoft Visual Studio Solution File, Format Version 12.00
# Visual Studio 15
VisualStudioVersion = 15.0.28010.2046
MinimumVisualStudioVersion = 10.0.40219.1
Project("{FAE04EC0-301F-11D3-BF4B-00C04F79EFBC}") = "Numbers 1to20", "Numbers 1to20\Numbers 1to20.csproj", "{CCBB84B1-1C47-4448-A7CC-CBC6A09CAEDC}"
EndProject
Global
	GlobalSection(SolutionConfigurationPlatforms) = preSolution
		Debug|Any CPU = Debug|Any CPU
		Release|Any CPU = Release|Any CPU
	EndGlobalSection
	GlobalSection(ProjectConfigurationPlatforms) = postSolution
		{CCBB84B1-1C47-4448-A7CC-CBC6A09CAEDC}.Debug|Any CPU.ActiveCfg = Debug|Any CPU
		{CCBB84B1-1C47-4448-A7CC-CBC6A09CAEDC}.Debug|Any CPU.Build.0 = Debug|Any CPU
		{CCBB84B1-1C47-4448-A7CC-CBC6A09CAEDC}.Release|Any CPU.ActiveCfg = Release|Any CPU
		{CCBB84B1-1C47-4448-A7CC-CBC6A09CAEDC}.Release|Any CPU.Build.0 = Release|Any CPU
	EndGlobalSection
	GlobalSection(SolutionProperties) = preSolution
		HideSolutionNode = FALSE
	EndGlobalSection
	GlobalSection(ExtensibilityGlobals) = postSolution
		SolutionGuid = {11EE518C-7CA7-462B-93F0-52536926DA02}
	EndGlobalSection
EndGlobal
