
Microsoft Visual Studio Solution File, Format Version 12.00
# Visual Studio 15
VisualStudioVersion = 15.0.28010.2046
MinimumVisualStudioVersion = 10.0.40219.1
Project("{9A19103F-16F7-4668-BE54-9A1E7A4F7556}") = "Excellent Result", "Excellent Result\Excellent Result.csproj", "{95C18378-5AAC-43C4-B7B7-38BC9D7D903B}"
EndProject
Project("{9A19103F-16F7-4668-BE54-9A1E7A4F7556}") = "Even or Odd", "Even or Odd\Even or Odd.csproj", "{7655FAC0-E2D8-4CD1-8D7E-A99C1FFF9EE9}"
EndProject
Project("{9A19103F-16F7-4668-BE54-9A1E7A4F7556}") = "Greater-Number", "Greater-Number\Greater-Number.csproj", "{21B0461C-53E2-4F42-913D-FBA5AB0EA567}"
EndProject
Project("{9A19103F-16F7-4668-BE54-9A1E7A4F7556}") = "Number-1-9-to-Text", "Number-1-9-to-Text\Number-1-9-to-Text.csproj", "{E43A99E3-80B0-4ECC-A7A8-8B31A981A629}"
EndProject
Project("{9A19103F-16F7-4668-BE54-9A1E7A4F7556}") = "Password-Guess", "Password-Guess\Password-Guess.csproj", "{03F87318-F17F-47F1-895F-7385B70F87A8}"
EndProject
Project("{FAE04EC0-301F-11D3-BF4B-00C04F79EFBC}") = "Number 100-between-200", "Number 100-between-200\Number 100-between-200.csproj", "{FAB78AB3-E855-4209-A227-DAF0EFEBA6F0}"
EndProject
Project("{FAE04EC0-301F-11D3-BF4B-00C04F79EFBC}") = "Equal=Words", "Equal=Words\Equal=Words.csproj", "{03E8BB63-E04F-444E-96E0-C100C37836AC}"
EndProject
Project("{FAE04EC0-301F-11D3-BF4B-00C04F79EFBC}") = "Area-of-Figures", "Area-of-Figures\Area-of-Figures.csproj", "{E3823CAE-F033-44FE-92FE-299EB14BF81B}"
EndProject
Project("{FAE04EC0-301F-11D3-BF4B-00C04F79EFBC}") = "Equal=Numbers", "Equal=Numbers\Equal=Numbers.csproj", "{2079626F-002F-4EDF-9509-3C4AA9F74753}"
EndProject
Global
	GlobalSection(SolutionConfigurationPlatforms) = preSolution
		Debug|Any CPU = Debug|Any CPU
		Release|Any CPU = Release|Any CPU
	EndGlobalSection
	GlobalSection(ProjectConfigurationPlatforms) = postSolution
		{95C18378-5AAC-43C4-B7B7-38BC9D7D903B}.Debug|Any CPU.ActiveCfg = Debug|Any CPU
		{95C18378-5AAC-43C4-B7B7-38BC9D7D903B}.Debug|Any CPU.Build.0 = Debug|Any CPU
		{95C18378-5AAC-43C4-B7B7-38BC9D7D903B}.Release|Any CPU.ActiveCfg = Release|Any CPU
		{95C18378-5AAC-43C4-B7B7-38BC9D7D903B}.Release|Any CPU.Build.0 = Release|Any CPU
		{7655FAC0-E2D8-4CD1-8D7E-A99C1FFF9EE9}.Debug|Any CPU.ActiveCfg = Debug|Any CPU
		{7655FAC0-E2D8-4CD1-8D7E-A99C1FFF9EE9}.Debug|Any CPU.Build.0 = Debug|Any CPU
		{7655FAC0-E2D8-4CD1-8D7E-A99C1FFF9EE9}.Release|Any CPU.ActiveCfg = Release|Any CPU
		{7655FAC0-E2D8-4CD1-8D7E-A99C1FFF9EE9}.Release|Any CPU.Build.0 = Release|Any CPU
		{21B0461C-53E2-4F42-913D-FBA5AB0EA567}.Debug|Any CPU.ActiveCfg = Debug|Any CPU
		{21B0461C-53E2-4F42-913D-FBA5AB0EA567}.Debug|Any CPU.Build.0 = Debug|Any CPU
		{21B0461C-53E2-4F42-913D-FBA5AB0EA567}.Release|Any CPU.ActiveCfg = Release|Any CPU
		{21B0461C-53E2-4F42-913D-FBA5AB0EA567}.Release|Any CPU.Build.0 = Release|Any CPU
		{E43A99E3-80B0-4ECC-A7A8-8B31A981A629}.Debug|Any CPU.ActiveCfg = Debug|Any CPU
		{E43A99E3-80B0-4ECC-A7A8-8B31A981A629}.Debug|Any CPU.Build.0 = Debug|Any CPU
		{E43A99E3-80B0-4ECC-A7A8-8B31A981A629}.Release|Any CPU.ActiveCfg = Release|Any CPU
		{E43A99E3-80B0-4ECC-A7A8-8B31A981A629}.Release|Any CPU.Build.0 = Release|Any CPU
		{03F87318-F17F-47F1-895F-7385B70F87A8}.Debug|Any CPU.ActiveCfg = Debug|Any CPU
		{03F87318-F17F-47F1-895F-7385B70F87A8}.Debug|Any CPU.Build.0 = Debug|Any CPU
		{03F87318-F17F-47F1-895F-7385B70F87A8}.Release|Any CPU.ActiveCfg = Release|Any CPU
		{03F87318-F17F-47F1-895F-7385B70F87A8}.Release|Any CPU.Build.0 = Release|Any CPU
		{FAB78AB3-E855-4209-A227-DAF0EFEBA6F0}.Debug|Any CPU.ActiveCfg = Debug|Any CPU
		{FAB78AB3-E855-4209-A227-DAF0EFEBA6F0}.Debug|Any CPU.Build.0 = Debug|Any CPU
		{FAB78AB3-E855-4209-A227-DAF0EFEBA6F0}.Release|Any CPU.ActiveCfg = Release|Any CPU
		{FAB78AB3-E855-4209-A227-DAF0EFEBA6F0}.Release|Any CPU.Build.0 = Release|Any CPU
		{03E8BB63-E04F-444E-96E0-C100C37836AC}.Debug|Any CPU.ActiveCfg = Debug|Any CPU
		{03E8BB63-E04F-444E-96E0-C100C37836AC}.Debug|Any CPU.Build.0 = Debug|Any CPU
		{03E8BB63-E04F-444E-96E0-C100C37836AC}.Release|Any CPU.ActiveCfg = Release|Any CPU
		{03E8BB63-E04F-444E-96E0-C100C37836AC}.Release|Any CPU.Build.0 = Release|Any CPU
		{E3823CAE-F033-44FE-92FE-299EB14BF81B}.Debug|Any CPU.ActiveCfg = Debug|Any CPU
		{E3823CAE-F033-44FE-92FE-299EB14BF81B}.Debug|Any CPU.Build.0 = Debug|Any CPU
		{E3823CAE-F033-44FE-92FE-299EB14BF81B}.Release|Any CPU.ActiveCfg = Release|Any CPU
		{E3823CAE-F033-44FE-92FE-299EB14BF81B}.Release|Any CPU.Build.0 = Release|Any CPU
		{2079626F-002F-4EDF-9509-3C4AA9F74753}.Debug|Any CPU.ActiveCfg = Debug|Any CPU
		{2079626F-002F-4EDF-9509-3C4AA9F74753}.Debug|Any CPU.Build.0 = Debug|Any CPU
		{2079626F-002F-4EDF-9509-3C4AA9F74753}.Release|Any CPU.ActiveCfg = Release|Any CPU
		{2079626F-002F-4EDF-9509-3C4AA9F74753}.Release|Any CPU.Build.0 = Release|Any CPU
	EndGlobalSection
	GlobalSection(SolutionProperties) = preSolution
		HideSolutionNode = FALSE
	EndGlobalSection
	GlobalSection(ExtensibilityGlobals) = postSolution
		SolutionGuid = {0016942E-1201-4EA8-B14D-72CD06AAACC6}
	EndGlobalSection
EndGlobal
