
Microsoft Visual Studio Solution File, Format Version 12.00
# Visual Studio Version 17
VisualStudioVersion = 17.2.32616.157
MinimumVisualStudioVersion = 10.0.40219.1
Project("{FAE04EC0-301F-11D3-BF4B-00C04F79EFBC}") = "P01_Recursive_Array_Sum", "P01_Recursive_Array_Sum\P01_Recursive_Array_Sum.csproj", "{967216DA-E86E-477E-9840-04C123A127DD}"
EndProject
Project("{FAE04EC0-301F-11D3-BF4B-00C04F79EFBC}") = "P02_Recursive_Factorial", "P02_Recursive_Factorial\P02_Recursive_Factorial.csproj", "{49CE55D9-8E04-4F99-843F-383C79841090}"
EndProject
Global
	GlobalSection(SolutionConfigurationPlatforms) = preSolution
		Debug|Any CPU = Debug|Any CPU
		Release|Any CPU = Release|Any CPU
	EndGlobalSection
	GlobalSection(ProjectConfigurationPlatforms) = postSolution
		{967216DA-E86E-477E-9840-04C123A127DD}.Debug|Any CPU.ActiveCfg = Debug|Any CPU
		{967216DA-E86E-477E-9840-04C123A127DD}.Debug|Any CPU.Build.0 = Debug|Any CPU
		{967216DA-E86E-477E-9840-04C123A127DD}.Release|Any CPU.ActiveCfg = Release|Any CPU
		{967216DA-E86E-477E-9840-04C123A127DD}.Release|Any CPU.Build.0 = Release|Any CPU
		{49CE55D9-8E04-4F99-843F-383C79841090}.Debug|Any CPU.ActiveCfg = Debug|Any CPU
		{49CE55D9-8E04-4F99-843F-383C79841090}.Debug|Any CPU.Build.0 = Debug|Any CPU
		{49CE55D9-8E04-4F99-843F-383C79841090}.Release|Any CPU.ActiveCfg = Release|Any CPU
		{49CE55D9-8E04-4F99-843F-383C79841090}.Release|Any CPU.Build.0 = Release|Any CPU
	EndGlobalSection
	GlobalSection(SolutionProperties) = preSolution
		HideSolutionNode = FALSE
	EndGlobalSection
	GlobalSection(ExtensibilityGlobals) = postSolution
		SolutionGuid = {A7264A9E-3A11-4D4B-8F1C-04E46AD67ABC}
	EndGlobalSection
EndGlobal
