
Microsoft Visual Studio Solution File, Format Version 12.00
# Visual Studio Version 17
VisualStudioVersion = 17.2.32526.322
MinimumVisualStudioVersion = 10.0.40219.1
Project("{FAE04EC0-301F-11D3-BF4B-00C04F79EFBC}") = "P01_Generic_Box_of_String", "ConsoleApp4\P01_Generic_Box_of_String.csproj", "{E5EA8C9E-FA14-46A3-BCF5-CAB0C9D5FFD5}"
EndProject
Global
	GlobalSection(SolutionConfigurationPlatforms) = preSolution
		Debug|Any CPU = Debug|Any CPU
		Release|Any CPU = Release|Any CPU
	EndGlobalSection
	GlobalSection(ProjectConfigurationPlatforms) = postSolution
		{E5EA8C9E-FA14-46A3-BCF5-CAB0C9D5FFD5}.Debug|Any CPU.ActiveCfg = Debug|Any CPU
		{E5EA8C9E-FA14-46A3-BCF5-CAB0C9D5FFD5}.Debug|Any CPU.Build.0 = Debug|Any CPU
		{E5EA8C9E-FA14-46A3-BCF5-CAB0C9D5FFD5}.Release|Any CPU.ActiveCfg = Release|Any CPU
		{E5EA8C9E-FA14-46A3-BCF5-CAB0C9D5FFD5}.Release|Any CPU.Build.0 = Release|Any CPU
	EndGlobalSection
	GlobalSection(SolutionProperties) = preSolution
		HideSolutionNode = FALSE
	EndGlobalSection
	GlobalSection(ExtensibilityGlobals) = postSolution
		SolutionGuid = {C4F0D34B-51E9-4D54-A858-46733EA1A683}
	EndGlobalSection
EndGlobal
