
Microsoft Visual Studio Solution File, Format Version 12.00
# Visual Studio 15
VisualStudioVersion = 15.0.28010.2048
MinimumVisualStudioVersion = 10.0.40219.1
Project("{FAE04EC0-301F-11D3-BF4B-00C04F79EFBC}") = "rectangle_area", "rectangle_area\rectangle_area.csproj", "{40C690E0-7771-49FE-BB54-637D56D3CD86}"
EndProject
Global
	GlobalSection(SolutionConfigurationPlatforms) = preSolution
		Debug|Any CPU = Debug|Any CPU
		Release|Any CPU = Release|Any CPU
	EndGlobalSection
	GlobalSection(ProjectConfigurationPlatforms) = postSolution
		{40C690E0-7771-49FE-BB54-637D56D3CD86}.Debug|Any CPU.ActiveCfg = Debug|Any CPU
		{40C690E0-7771-49FE-BB54-637D56D3CD86}.Debug|Any CPU.Build.0 = Debug|Any CPU
		{40C690E0-7771-49FE-BB54-637D56D3CD86}.Release|Any CPU.ActiveCfg = Release|Any CPU
		{40C690E0-7771-49FE-BB54-637D56D3CD86}.Release|Any CPU.Build.0 = Release|Any CPU
	EndGlobalSection
	GlobalSection(SolutionProperties) = preSolution
		HideSolutionNode = FALSE
	EndGlobalSection
	GlobalSection(ExtensibilityGlobals) = postSolution
		SolutionGuid = {39FD8268-ACB5-4B73-ADC2-C5966EBC3B1D}
	EndGlobalSection
EndGlobal
