
Microsoft Visual Studio Solution File, Format Version 12.00
# Visual Studio Version 16
VisualStudioVersion = 16.0.29326.143
MinimumVisualStudioVersion = 10.0.40219.1
Project("{9A19103F-16F7-4668-BE54-9A1E7A4F7556}") = "Train", "Train\Train.csproj", "{E62B9B83-4ED5-4519-B02A-3D3B5AD02EC0}"
EndProject
Project("{9A19103F-16F7-4668-BE54-9A1E7A4F7556}") = "Change_List", "Change_List\Change_List.csproj", "{467CD9E4-1AD9-4330-AB20-39C7F5CBEC3B}"
EndProject
Project("{9A19103F-16F7-4668-BE54-9A1E7A4F7556}") = "House_Party", "House_Party\House_Party.csproj", "{A6F32455-1328-4C18-A1B3-FF0352C18E5A}"
EndProject
Project("{9A19103F-16F7-4668-BE54-9A1E7A4F7556}") = "help", "help\help.csproj", "{ECAFB0A3-0AF2-4D91-B487-173981D97E1F}"
EndProject
Project("{9A19103F-16F7-4668-BE54-9A1E7A4F7556}") = "List_Operations", "List_Operations\List_Operations.csproj", "{61F173B1-0BDB-4880-B716-E4FEA37F0874}"
EndProject
Project("{9A19103F-16F7-4668-BE54-9A1E7A4F7556}") = "Bomb_Numbers", "Bomb_Numbers\Bomb_Numbers.csproj", "{B9565EAB-5F04-4AC6-9E1E-3F249D925548}"
EndProject
Project("{9A19103F-16F7-4668-BE54-9A1E7A4F7556}") = "Bomb_Numbers2", "Bomb_Numbers2\Bomb_Numbers2.csproj", "{43040CBD-8299-4715-A70E-4EA13203C8C8}"
EndProject
Project("{9A19103F-16F7-4668-BE54-9A1E7A4F7556}") = "Cards_Game", "Cards_Game\Cards_Game.csproj", "{1731E4DE-1E88-411D-A3CE-CC857DA6A7F8}"
EndProject
Project("{9A19103F-16F7-4668-BE54-9A1E7A4F7556}") = "Append_Arrays", "Append_Arrays\Append_Arrays.csproj", "{47A754DA-A3C5-4058-8A24-575D8250E69E}"
EndProject
Project("{9A19103F-16F7-4668-BE54-9A1E7A4F7556}") = "Anonymous_Threat", "Anonymous Threat\Anonymous_Threat.csproj", "{A0827DD1-FE20-43D2-A8BD-819AE892C387}"
EndProject
Project("{FAE04EC0-301F-11D3-BF4B-00C04F79EFBC}") = "Pokemon_Don't_Go", "Pokemon_Don't_Go\Pokemon_Don't_Go.csproj", "{56C9C558-92C9-417E-9CD1-FA666BC71C66}"
EndProject
Global
	GlobalSection(SolutionConfigurationPlatforms) = preSolution
		Debug|Any CPU = Debug|Any CPU
		Release|Any CPU = Release|Any CPU
	EndGlobalSection
	GlobalSection(ProjectConfigurationPlatforms) = postSolution
		{E62B9B83-4ED5-4519-B02A-3D3B5AD02EC0}.Debug|Any CPU.ActiveCfg = Debug|Any CPU
		{E62B9B83-4ED5-4519-B02A-3D3B5AD02EC0}.Debug|Any CPU.Build.0 = Debug|Any CPU
		{E62B9B83-4ED5-4519-B02A-3D3B5AD02EC0}.Release|Any CPU.ActiveCfg = Release|Any CPU
		{E62B9B83-4ED5-4519-B02A-3D3B5AD02EC0}.Release|Any CPU.Build.0 = Release|Any CPU
		{467CD9E4-1AD9-4330-AB20-39C7F5CBEC3B}.Debug|Any CPU.ActiveCfg = Debug|Any CPU
		{467CD9E4-1AD9-4330-AB20-39C7F5CBEC3B}.Debug|Any CPU.Build.0 = Debug|Any CPU
		{467CD9E4-1AD9-4330-AB20-39C7F5CBEC3B}.Release|Any CPU.ActiveCfg = Release|Any CPU
		{467CD9E4-1AD9-4330-AB20-39C7F5CBEC3B}.Release|Any CPU.Build.0 = Release|Any CPU
		{A6F32455-1328-4C18-A1B3-FF0352C18E5A}.Debug|Any CPU.ActiveCfg = Debug|Any CPU
		{A6F32455-1328-4C18-A1B3-FF0352C18E5A}.Debug|Any CPU.Build.0 = Debug|Any CPU
		{A6F32455-1328-4C18-A1B3-FF0352C18E5A}.Release|Any CPU.ActiveCfg = Release|Any CPU
		{A6F32455-1328-4C18-A1B3-FF0352C18E5A}.Release|Any CPU.Build.0 = Release|Any CPU
		{ECAFB0A3-0AF2-4D91-B487-173981D97E1F}.Debug|Any CPU.ActiveCfg = Debug|Any CPU
		{ECAFB0A3-0AF2-4D91-B487-173981D97E1F}.Debug|Any CPU.Build.0 = Debug|Any CPU
		{ECAFB0A3-0AF2-4D91-B487-173981D97E1F}.Release|Any CPU.ActiveCfg = Release|Any CPU
		{ECAFB0A3-0AF2-4D91-B487-173981D97E1F}.Release|Any CPU.Build.0 = Release|Any CPU
		{61F173B1-0BDB-4880-B716-E4FEA37F0874}.Debug|Any CPU.ActiveCfg = Debug|Any CPU
		{61F173B1-0BDB-4880-B716-E4FEA37F0874}.Debug|Any CPU.Build.0 = Debug|Any CPU
		{61F173B1-0BDB-4880-B716-E4FEA37F0874}.Release|Any CPU.ActiveCfg = Release|Any CPU
		{61F173B1-0BDB-4880-B716-E4FEA37F0874}.Release|Any CPU.Build.0 = Release|Any CPU
		{B9565EAB-5F04-4AC6-9E1E-3F249D925548}.Debug|Any CPU.ActiveCfg = Debug|Any CPU
		{B9565EAB-5F04-4AC6-9E1E-3F249D925548}.Debug|Any CPU.Build.0 = Debug|Any CPU
		{B9565EAB-5F04-4AC6-9E1E-3F249D925548}.Release|Any CPU.ActiveCfg = Release|Any CPU
		{B9565EAB-5F04-4AC6-9E1E-3F249D925548}.Release|Any CPU.Build.0 = Release|Any CPU
		{43040CBD-8299-4715-A70E-4EA13203C8C8}.Debug|Any CPU.ActiveCfg = Debug|Any CPU
		{43040CBD-8299-4715-A70E-4EA13203C8C8}.Debug|Any CPU.Build.0 = Debug|Any CPU
		{43040CBD-8299-4715-A70E-4EA13203C8C8}.Release|Any CPU.ActiveCfg = Release|Any CPU
		{43040CBD-8299-4715-A70E-4EA13203C8C8}.Release|Any CPU.Build.0 = Release|Any CPU
		{1731E4DE-1E88-411D-A3CE-CC857DA6A7F8}.Debug|Any CPU.ActiveCfg = Debug|Any CPU
		{1731E4DE-1E88-411D-A3CE-CC857DA6A7F8}.Debug|Any CPU.Build.0 = Debug|Any CPU
		{1731E4DE-1E88-411D-A3CE-CC857DA6A7F8}.Release|Any CPU.ActiveCfg = Release|Any CPU
		{1731E4DE-1E88-411D-A3CE-CC857DA6A7F8}.Release|Any CPU.Build.0 = Release|Any CPU
		{47A754DA-A3C5-4058-8A24-575D8250E69E}.Debug|Any CPU.ActiveCfg = Debug|Any CPU
		{47A754DA-A3C5-4058-8A24-575D8250E69E}.Debug|Any CPU.Build.0 = Debug|Any CPU
		{47A754DA-A3C5-4058-8A24-575D8250E69E}.Release|Any CPU.ActiveCfg = Release|Any CPU
		{47A754DA-A3C5-4058-8A24-575D8250E69E}.Release|Any CPU.Build.0 = Release|Any CPU
		{A0827DD1-FE20-43D2-A8BD-819AE892C387}.Debug|Any CPU.ActiveCfg = Debug|Any CPU
		{A0827DD1-FE20-43D2-A8BD-819AE892C387}.Debug|Any CPU.Build.0 = Debug|Any CPU
		{A0827DD1-FE20-43D2-A8BD-819AE892C387}.Release|Any CPU.ActiveCfg = Release|Any CPU
		{A0827DD1-FE20-43D2-A8BD-819AE892C387}.Release|Any CPU.Build.0 = Release|Any CPU
		{56C9C558-92C9-417E-9CD1-FA666BC71C66}.Debug|Any CPU.ActiveCfg = Debug|Any CPU
		{56C9C558-92C9-417E-9CD1-FA666BC71C66}.Debug|Any CPU.Build.0 = Debug|Any CPU
		{56C9C558-92C9-417E-9CD1-FA666BC71C66}.Release|Any CPU.ActiveCfg = Release|Any CPU
		{56C9C558-92C9-417E-9CD1-FA666BC71C66}.Release|Any CPU.Build.0 = Release|Any CPU
	EndGlobalSection
	GlobalSection(SolutionProperties) = preSolution
		HideSolutionNode = FALSE
	EndGlobalSection
	GlobalSection(ExtensibilityGlobals) = postSolution
		SolutionGuid = {36B99729-1FC0-4A8A-9DC4-93581A61D852}
	EndGlobalSection
EndGlobal
