
Microsoft Visual Studio Solution File, Format Version 12.00
# Visual Studio Version 16
VisualStudioVersion = 16.0.29613.14
MinimumVisualStudioVersion = 10.0.40219.1
Project("{9A19103F-16F7-4668-BE54-9A1E7A4F7556}") = "Valid_Usernames", "Valid_Usernames\Valid_Usernames.csproj", "{07B3222C-4DB2-468A-944A-67A264C87844}"
EndProject
Global
	GlobalSection(SolutionConfigurationPlatforms) = preSolution
		Debug|Any CPU = Debug|Any CPU
		Release|Any CPU = Release|Any CPU
	EndGlobalSection
	GlobalSection(ProjectConfigurationPlatforms) = postSolution
		{07B3222C-4DB2-468A-944A-67A264C87844}.Debug|Any CPU.ActiveCfg = Debug|Any CPU
		{07B3222C-4DB2-468A-944A-67A264C87844}.Debug|Any CPU.Build.0 = Debug|Any CPU
		{07B3222C-4DB2-468A-944A-67A264C87844}.Release|Any CPU.ActiveCfg = Release|Any CPU
		{07B3222C-4DB2-468A-944A-67A264C87844}.Release|Any CPU.Build.0 = Release|Any CPU
	EndGlobalSection
	GlobalSection(SolutionProperties) = preSolution
		HideSolutionNode = FALSE
	EndGlobalSection
	GlobalSection(ExtensibilityGlobals) = postSolution
		SolutionGuid = {8A6C1238-2C26-4827-AED3-3C05106581BD}
	EndGlobalSection
EndGlobal
