
Microsoft Visual Studio Solution File, Format Version 12.00
# Visual Studio Version 17
VisualStudioVersion = 17.0.32112.339
MinimumVisualStudioVersion = 10.0.40219.1
Project("{FAE04EC0-301F-11D3-BF4B-00C04F79EFBC}") = "01_Convert_Meters_to_Kilometers", "01_Convert_Meters_to_Kilometers\01_Convert_Meters_to_Kilometers.csproj", "{1ED2CED1-14C9-43AC-A520-23B7E166624E}"
EndProject
Project("{FAE04EC0-301F-11D3-BF4B-00C04F79EFBC}") = "02_Pounds_to_Dollars", "02_Pounds_to_Dollars\02_Pounds_to_Dollars.csproj", "{8E2C2C2B-996D-4752-8C8D-B6FB9C86746E}"
EndProject
Project("{FAE04EC0-301F-11D3-BF4B-00C04F79EFBC}") = "03_Exact_Sum_of_Real_Numbers", "03_Exact_Sum_of_Real_Numbers\03_Exact_Sum_of_Real_Numbers.csproj", "{65498D8B-2C9B-4EFC-AC90-AA29D24B074E}"
EndProject
Project("{FAE04EC0-301F-11D3-BF4B-00C04F79EFBC}") = "04_Centuries_to_Minutes", "04_Centuries_to_Minutes\04_Centuries_to_Minutes.csproj", "{0D2C7E6D-CAB4-41A2-963C-7848163DFA14}"
EndProject
Project("{FAE04EC0-301F-11D3-BF4B-00C04F79EFBC}") = "05_Special_Numbers", "05_Special_Numbers\05_Special_Numbers.csproj", "{4BED9B8E-A98A-49CE-8B2B-507B783B3B5E}"
EndProject
Global
	GlobalSection(SolutionConfigurationPlatforms) = preSolution
		Debug|Any CPU = Debug|Any CPU
		Release|Any CPU = Release|Any CPU
	EndGlobalSection
	GlobalSection(ProjectConfigurationPlatforms) = postSolution
		{1ED2CED1-14C9-43AC-A520-23B7E166624E}.Debug|Any CPU.ActiveCfg = Debug|Any CPU
		{1ED2CED1-14C9-43AC-A520-23B7E166624E}.Debug|Any CPU.Build.0 = Debug|Any CPU
		{1ED2CED1-14C9-43AC-A520-23B7E166624E}.Release|Any CPU.ActiveCfg = Release|Any CPU
		{1ED2CED1-14C9-43AC-A520-23B7E166624E}.Release|Any CPU.Build.0 = Release|Any CPU
		{8E2C2C2B-996D-4752-8C8D-B6FB9C86746E}.Debug|Any CPU.ActiveCfg = Debug|Any CPU
		{8E2C2C2B-996D-4752-8C8D-B6FB9C86746E}.Debug|Any CPU.Build.0 = Debug|Any CPU
		{8E2C2C2B-996D-4752-8C8D-B6FB9C86746E}.Release|Any CPU.ActiveCfg = Release|Any CPU
		{8E2C2C2B-996D-4752-8C8D-B6FB9C86746E}.Release|Any CPU.Build.0 = Release|Any CPU
		{65498D8B-2C9B-4EFC-AC90-AA29D24B074E}.Debug|Any CPU.ActiveCfg = Debug|Any CPU
		{65498D8B-2C9B-4EFC-AC90-AA29D24B074E}.Debug|Any CPU.Build.0 = Debug|Any CPU
		{65498D8B-2C9B-4EFC-AC90-AA29D24B074E}.Release|Any CPU.ActiveCfg = Release|Any CPU
		{65498D8B-2C9B-4EFC-AC90-AA29D24B074E}.Release|Any CPU.Build.0 = Release|Any CPU
		{0D2C7E6D-CAB4-41A2-963C-7848163DFA14}.Debug|Any CPU.ActiveCfg = Debug|Any CPU
		{0D2C7E6D-CAB4-41A2-963C-7848163DFA14}.Debug|Any CPU.Build.0 = Debug|Any CPU
		{0D2C7E6D-CAB4-41A2-963C-7848163DFA14}.Release|Any CPU.ActiveCfg = Release|Any CPU
		{0D2C7E6D-CAB4-41A2-963C-7848163DFA14}.Release|Any CPU.Build.0 = Release|Any CPU
		{4BED9B8E-A98A-49CE-8B2B-507B783B3B5E}.Debug|Any CPU.ActiveCfg = Debug|Any CPU
		{4BED9B8E-A98A-49CE-8B2B-507B783B3B5E}.Debug|Any CPU.Build.0 = Debug|Any CPU
		{4BED9B8E-A98A-49CE-8B2B-507B783B3B5E}.Release|Any CPU.ActiveCfg = Release|Any CPU
		{4BED9B8E-A98A-49CE-8B2B-507B783B3B5E}.Release|Any CPU.Build.0 = Release|Any CPU
	EndGlobalSection
	GlobalSection(SolutionProperties) = preSolution
		HideSolutionNode = FALSE
	EndGlobalSection
	GlobalSection(ExtensibilityGlobals) = postSolution
		SolutionGuid = {9DEBF39A-EBE2-4C73-BB8E-2BB52D87C541}
	EndGlobalSection
EndGlobal
