
Microsoft Visual Studio Solution File, Format Version 12.00
# Visual Studio 15
VisualStudioVersion = 15.0.28307.329
MinimumVisualStudioVersion = 10.0.40219.1
Project("{FAE04EC0-301F-11D3-BF4B-00C04F79EFBC}") = "Old_Books", "Old_Books\Old_Books.csproj", "{7570F3F7-D9DE-4CB4-88AB-4B011190C4F9}"
EndProject
Project("{FAE04EC0-301F-11D3-BF4B-00C04F79EFBC}") = "Exam_Preparation", "Exam_Preparation\Exam_Preparation.csproj", "{DDDD1D60-43E5-426F-ABEA-06184C219DDB}"
EndProject
Project("{FAE04EC0-301F-11D3-BF4B-00C04F79EFBC}") = "Vacation", "Vacation\Vacation.csproj", "{2D3B7378-1D10-4AA1-8776-C2FCF127F73B}"
EndProject
Project("{FAE04EC0-301F-11D3-BF4B-00C04F79EFBC}") = "Coins", "Coins\Coins.csproj", "{F8C53CCE-B2F5-44DA-B04F-A938556D79DE}"
EndProject
Project("{FAE04EC0-301F-11D3-BF4B-00C04F79EFBC}") = "Cake", "Coins2\Cake.csproj", "{589690F3-D689-41D1-ABAA-6679547F8DD1}"
EndProject
Global
	GlobalSection(SolutionConfigurationPlatforms) = preSolution
		Debug|Any CPU = Debug|Any CPU
		Release|Any CPU = Release|Any CPU
	EndGlobalSection
	GlobalSection(ProjectConfigurationPlatforms) = postSolution
		{7570F3F7-D9DE-4CB4-88AB-4B011190C4F9}.Debug|Any CPU.ActiveCfg = Debug|Any CPU
		{7570F3F7-D9DE-4CB4-88AB-4B011190C4F9}.Debug|Any CPU.Build.0 = Debug|Any CPU
		{7570F3F7-D9DE-4CB4-88AB-4B011190C4F9}.Release|Any CPU.ActiveCfg = Release|Any CPU
		{7570F3F7-D9DE-4CB4-88AB-4B011190C4F9}.Release|Any CPU.Build.0 = Release|Any CPU
		{DDDD1D60-43E5-426F-ABEA-06184C219DDB}.Debug|Any CPU.ActiveCfg = Debug|Any CPU
		{DDDD1D60-43E5-426F-ABEA-06184C219DDB}.Debug|Any CPU.Build.0 = Debug|Any CPU
		{DDDD1D60-43E5-426F-ABEA-06184C219DDB}.Release|Any CPU.ActiveCfg = Release|Any CPU
		{DDDD1D60-43E5-426F-ABEA-06184C219DDB}.Release|Any CPU.Build.0 = Release|Any CPU
		{2D3B7378-1D10-4AA1-8776-C2FCF127F73B}.Debug|Any CPU.ActiveCfg = Debug|Any CPU
		{2D3B7378-1D10-4AA1-8776-C2FCF127F73B}.Debug|Any CPU.Build.0 = Debug|Any CPU
		{2D3B7378-1D10-4AA1-8776-C2FCF127F73B}.Release|Any CPU.ActiveCfg = Release|Any CPU
		{2D3B7378-1D10-4AA1-8776-C2FCF127F73B}.Release|Any CPU.Build.0 = Release|Any CPU
		{F8C53CCE-B2F5-44DA-B04F-A938556D79DE}.Debug|Any CPU.ActiveCfg = Debug|Any CPU
		{F8C53CCE-B2F5-44DA-B04F-A938556D79DE}.Debug|Any CPU.Build.0 = Debug|Any CPU
		{F8C53CCE-B2F5-44DA-B04F-A938556D79DE}.Release|Any CPU.ActiveCfg = Release|Any CPU
		{F8C53CCE-B2F5-44DA-B04F-A938556D79DE}.Release|Any CPU.Build.0 = Release|Any CPU
		{589690F3-D689-41D1-ABAA-6679547F8DD1}.Debug|Any CPU.ActiveCfg = Debug|Any CPU
		{589690F3-D689-41D1-ABAA-6679547F8DD1}.Debug|Any CPU.Build.0 = Debug|Any CPU
		{589690F3-D689-41D1-ABAA-6679547F8DD1}.Release|Any CPU.ActiveCfg = Release|Any CPU
		{589690F3-D689-41D1-ABAA-6679547F8DD1}.Release|Any CPU.Build.0 = Release|Any CPU
	EndGlobalSection
	GlobalSection(SolutionProperties) = preSolution
		HideSolutionNode = FALSE
	EndGlobalSection
	GlobalSection(ExtensibilityGlobals) = postSolution
		SolutionGuid = {9EA478C6-7B58-4FFC-B98C-8E3023291C68}
	EndGlobalSection
EndGlobal
