
Microsoft Visual Studio Solution File, Format Version 12.00
# Visual Studio Version 17
VisualStudioVersion = 17.0.32014.148
MinimumVisualStudioVersion = 10.0.40219.1
Project("{9A19103F-16F7-4668-BE54-9A1E7A4F7556}") = "01. Student_Information", "Student_Information\01. Student_Information.csproj", "{EB5B47DA-8B6A-4878-80F2-4314EF5403BC}"
EndProject
Project("{9A19103F-16F7-4668-BE54-9A1E7A4F7556}") = "02. Passed", "Passed\02. Passed.csproj", "{B1818AF9-5D72-4F01-A13D-BD4816E7F3F4}"
EndProject
Project("{9A19103F-16F7-4668-BE54-9A1E7A4F7556}") = "03. Passed_or_Failed", "Passed_or_Failed\03. Passed_or_Failed.csproj", "{D34F2772-3273-4A41-957F-D3A948EE540F}"
EndProject
Project("{9A19103F-16F7-4668-BE54-9A1E7A4F7556}") = "04. Back_in_30_Minutes", "Back_in_30_Minutes\04. Back_in_30_Minutes.csproj", "{E6D51E2F-A790-48E9-887A-D561F769C06B}"
EndProject
Project("{FAE04EC0-301F-11D3-BF4B-00C04F79EFBC}") = "05. Month_Printer", "5. Month Printer\05. Month_Printer.csproj", "{F15A11D6-5DD2-41CF-9EA2-38D2BE6AB53A}"
EndProject
Project("{FAE04EC0-301F-11D3-BF4B-00C04F79EFBC}") = "06. Foreign_Languages", "6. Foreign_Languages\06. Foreign_Languages.csproj", "{DF50FACE-8520-4528-ABA5-C368D1352A14}"
EndProject
Project("{FAE04EC0-301F-11D3-BF4B-00C04F79EFBC}") = "07. Theatre_Promotions", "7. Theatre_Promotions\07. Theatre_Promotions.csproj", "{C7554025-9A49-4731-A861-1DB8D98FC42E}"
EndProject
Project("{FAE04EC0-301F-11D3-BF4B-00C04F79EFBC}") = "08. Divisible_by_3", "8. Divisible_by_3\08. Divisible_by_3.csproj", "{0316920A-7F42-4E60-8C04-91D6F957B1AB}"
EndProject
Project("{FAE04EC0-301F-11D3-BF4B-00C04F79EFBC}") = "09. Sum _of _Odd_Numbers", "9. Sum _of _Odd_Numbers\09. Sum _of _Odd_Numbers.csproj", "{FD58ECCD-4C8D-4BA8-AEFD-2E1683C6E632}"
EndProject
Project("{FAE04EC0-301F-11D3-BF4B-00C04F79EFBC}") = "10. Multiplication_Table", "10. Multiplication_Table\10. Multiplication_Table.csproj", "{7E9AE51C-EA42-4A81-A937-0005D3C0B051}"
EndProject
Project("{FAE04EC0-301F-11D3-BF4B-00C04F79EFBC}") = "11. Multiplication_Table_2.0", "11. Multiplication_Table_2.0\11. Multiplication_Table_2.0.csproj", "{ED47CF5D-A0C8-4623-B59E-305DD02F1AC3}"
EndProject
Project("{FAE04EC0-301F-11D3-BF4B-00C04F79EFBC}") = "12. Even_Number", "12. Even_Number\12. Even_Number.csproj", "{41C005B9-63CF-4FF6-900A-E988058A8E68}"
EndProject
Project("{FAE04EC0-301F-11D3-BF4B-00C04F79EFBC}") = "13. Holidays_Between_Two_Dates", "13. Holidays_Between_Two_Dates\13. Holidays_Between_Two_Dates.csproj", "{93348A7F-F214-470D-ACA5-804EF18CE2DF}"
EndProject
Global
	GlobalSection(SolutionConfigurationPlatforms) = preSolution
		Debug|Any CPU = Debug|Any CPU
		Release|Any CPU = Release|Any CPU
	EndGlobalSection
	GlobalSection(ProjectConfigurationPlatforms) = postSolution
		{EB5B47DA-8B6A-4878-80F2-4314EF5403BC}.Debug|Any CPU.ActiveCfg = Debug|Any CPU
		{EB5B47DA-8B6A-4878-80F2-4314EF5403BC}.Debug|Any CPU.Build.0 = Debug|Any CPU
		{EB5B47DA-8B6A-4878-80F2-4314EF5403BC}.Release|Any CPU.ActiveCfg = Release|Any CPU
		{EB5B47DA-8B6A-4878-80F2-4314EF5403BC}.Release|Any CPU.Build.0 = Release|Any CPU
		{B1818AF9-5D72-4F01-A13D-BD4816E7F3F4}.Debug|Any CPU.ActiveCfg = Debug|Any CPU
		{B1818AF9-5D72-4F01-A13D-BD4816E7F3F4}.Debug|Any CPU.Build.0 = Debug|Any CPU
		{B1818AF9-5D72-4F01-A13D-BD4816E7F3F4}.Release|Any CPU.ActiveCfg = Release|Any CPU
		{B1818AF9-5D72-4F01-A13D-BD4816E7F3F4}.Release|Any CPU.Build.0 = Release|Any CPU
		{D34F2772-3273-4A41-957F-D3A948EE540F}.Debug|Any CPU.ActiveCfg = Debug|Any CPU
		{D34F2772-3273-4A41-957F-D3A948EE540F}.Debug|Any CPU.Build.0 = Debug|Any CPU
		{D34F2772-3273-4A41-957F-D3A948EE540F}.Release|Any CPU.ActiveCfg = Release|Any CPU
		{D34F2772-3273-4A41-957F-D3A948EE540F}.Release|Any CPU.Build.0 = Release|Any CPU
		{E6D51E2F-A790-48E9-887A-D561F769C06B}.Debug|Any CPU.ActiveCfg = Debug|Any CPU
		{E6D51E2F-A790-48E9-887A-D561F769C06B}.Debug|Any CPU.Build.0 = Debug|Any CPU
		{E6D51E2F-A790-48E9-887A-D561F769C06B}.Release|Any CPU.ActiveCfg = Release|Any CPU
		{E6D51E2F-A790-48E9-887A-D561F769C06B}.Release|Any CPU.Build.0 = Release|Any CPU
		{F15A11D6-5DD2-41CF-9EA2-38D2BE6AB53A}.Debug|Any CPU.ActiveCfg = Debug|Any CPU
		{F15A11D6-5DD2-41CF-9EA2-38D2BE6AB53A}.Debug|Any CPU.Build.0 = Debug|Any CPU
		{F15A11D6-5DD2-41CF-9EA2-38D2BE6AB53A}.Release|Any CPU.ActiveCfg = Release|Any CPU
		{F15A11D6-5DD2-41CF-9EA2-38D2BE6AB53A}.Release|Any CPU.Build.0 = Release|Any CPU
		{DF50FACE-8520-4528-ABA5-C368D1352A14}.Debug|Any CPU.ActiveCfg = Debug|Any CPU
		{DF50FACE-8520-4528-ABA5-C368D1352A14}.Debug|Any CPU.Build.0 = Debug|Any CPU
		{DF50FACE-8520-4528-ABA5-C368D1352A14}.Release|Any CPU.ActiveCfg = Release|Any CPU
		{DF50FACE-8520-4528-ABA5-C368D1352A14}.Release|Any CPU.Build.0 = Release|Any CPU
		{C7554025-9A49-4731-A861-1DB8D98FC42E}.Debug|Any CPU.ActiveCfg = Debug|Any CPU
		{C7554025-9A49-4731-A861-1DB8D98FC42E}.Debug|Any CPU.Build.0 = Debug|Any CPU
		{C7554025-9A49-4731-A861-1DB8D98FC42E}.Release|Any CPU.ActiveCfg = Release|Any CPU
		{C7554025-9A49-4731-A861-1DB8D98FC42E}.Release|Any CPU.Build.0 = Release|Any CPU
		{0316920A-7F42-4E60-8C04-91D6F957B1AB}.Debug|Any CPU.ActiveCfg = Debug|Any CPU
		{0316920A-7F42-4E60-8C04-91D6F957B1AB}.Debug|Any CPU.Build.0 = Debug|Any CPU
		{0316920A-7F42-4E60-8C04-91D6F957B1AB}.Release|Any CPU.ActiveCfg = Release|Any CPU
		{0316920A-7F42-4E60-8C04-91D6F957B1AB}.Release|Any CPU.Build.0 = Release|Any CPU
		{FD58ECCD-4C8D-4BA8-AEFD-2E1683C6E632}.Debug|Any CPU.ActiveCfg = Debug|Any CPU
		{FD58ECCD-4C8D-4BA8-AEFD-2E1683C6E632}.Debug|Any CPU.Build.0 = Debug|Any CPU
		{FD58ECCD-4C8D-4BA8-AEFD-2E1683C6E632}.Release|Any CPU.ActiveCfg = Release|Any CPU
		{FD58ECCD-4C8D-4BA8-AEFD-2E1683C6E632}.Release|Any CPU.Build.0 = Release|Any CPU
		{7E9AE51C-EA42-4A81-A937-0005D3C0B051}.Debug|Any CPU.ActiveCfg = Debug|Any CPU
		{7E9AE51C-EA42-4A81-A937-0005D3C0B051}.Debug|Any CPU.Build.0 = Debug|Any CPU
		{7E9AE51C-EA42-4A81-A937-0005D3C0B051}.Release|Any CPU.ActiveCfg = Release|Any CPU
		{7E9AE51C-EA42-4A81-A937-0005D3C0B051}.Release|Any CPU.Build.0 = Release|Any CPU
		{ED47CF5D-A0C8-4623-B59E-305DD02F1AC3}.Debug|Any CPU.ActiveCfg = Debug|Any CPU
		{ED47CF5D-A0C8-4623-B59E-305DD02F1AC3}.Debug|Any CPU.Build.0 = Debug|Any CPU
		{ED47CF5D-A0C8-4623-B59E-305DD02F1AC3}.Release|Any CPU.ActiveCfg = Release|Any CPU
		{ED47CF5D-A0C8-4623-B59E-305DD02F1AC3}.Release|Any CPU.Build.0 = Release|Any CPU
		{41C005B9-63CF-4FF6-900A-E988058A8E68}.Debug|Any CPU.ActiveCfg = Debug|Any CPU
		{41C005B9-63CF-4FF6-900A-E988058A8E68}.Debug|Any CPU.Build.0 = Debug|Any CPU
		{41C005B9-63CF-4FF6-900A-E988058A8E68}.Release|Any CPU.ActiveCfg = Release|Any CPU
		{41C005B9-63CF-4FF6-900A-E988058A8E68}.Release|Any CPU.Build.0 = Release|Any CPU
		{93348A7F-F214-470D-ACA5-804EF18CE2DF}.Debug|Any CPU.ActiveCfg = Debug|Any CPU
		{93348A7F-F214-470D-ACA5-804EF18CE2DF}.Debug|Any CPU.Build.0 = Debug|Any CPU
		{93348A7F-F214-470D-ACA5-804EF18CE2DF}.Release|Any CPU.ActiveCfg = Release|Any CPU
		{93348A7F-F214-470D-ACA5-804EF18CE2DF}.Release|Any CPU.Build.0 = Release|Any CPU
	EndGlobalSection
	GlobalSection(SolutionProperties) = preSolution
		HideSolutionNode = FALSE
	EndGlobalSection
	GlobalSection(ExtensibilityGlobals) = postSolution
		SolutionGuid = {C6DADE25-F72B-4154-8C17-EA096E9DB530}
	EndGlobalSection
EndGlobal
