
Microsoft Visual Studio Solution File, Format Version 12.00
# Visual Studio Version 17
VisualStudioVersion = 17.2.32516.85
MinimumVisualStudioVersion = 10.0.40219.1
Project("{9A19103F-16F7-4668-BE54-9A1E7A4F7556}") = "P01_Diagonal_Difference", "P01_Diagonal_Difference\P01_Diagonal_Difference.csproj", "{24C58686-0750-41FE-9DCB-68F92D441A90}"
EndProject
Project("{9A19103F-16F7-4668-BE54-9A1E7A4F7556}") = "P02_Squares_in_Matrix", "P02_Squares_in_Matrix\P02_Squares_in_Matrix.csproj", "{1EE29699-6C8A-409E-A157-25DB17D4A17D}"
EndProject
Project("{9A19103F-16F7-4668-BE54-9A1E7A4F7556}") = "P03_Maximal_Sum", "P03_Maximal_Sum\P03_Maximal_Sum.csproj", "{A72EBCDE-98A3-43C5-A2AC-B44A59C07D0F}"
EndProject
Project("{9A19103F-16F7-4668-BE54-9A1E7A4F7556}") = "P04_Matrix_Shuffling", "P04_Matrix_Shuffling\P04_Matrix_Shuffling.csproj", "{9885A280-D9FA-4298-8DA3-D0E1B6081A0F}"
EndProject
Project("{9A19103F-16F7-4668-BE54-9A1E7A4F7556}") = "P05_Snake_Moves", "P05_Snake_Moves\P05_Snake_Moves.csproj", "{327EE6A9-6A33-4708-9807-3157100DCD29}"
EndProject
Project("{9A19103F-16F7-4668-BE54-9A1E7A4F7556}") = "P06_Jagged_Array_Manipulator", "P06_Jagged_Array_Manipulator\P06_Jagged_Array_Manipulator.csproj", "{C29D9027-C8C0-4A9E-99D2-FEF5383198ED}"
EndProject
Project("{FAE04EC0-301F-11D3-BF4B-00C04F79EFBC}") = "P07_Knight_Game", "P07_Knight_Game\P07_Knight_Game.csproj", "{B5361DA7-79B6-47CE-A435-23D1DFE4B2B2}"
EndProject
Project("{FAE04EC0-301F-11D3-BF4B-00C04F79EFBC}") = "P08_Bombs", "P08_Bombs\P08_Bombs.csproj", "{89F2E8F6-ABED-461F-9063-173ECA208C5A}"
EndProject
Project("{FAE04EC0-301F-11D3-BF4B-00C04F79EFBC}") = "P09_Miner", "P09_Miner\P09_Miner.csproj", "{37892262-F244-4734-8696-4435CB189C4C}"
EndProject
Global
	GlobalSection(SolutionConfigurationPlatforms) = preSolution
		Debug|Any CPU = Debug|Any CPU
		Release|Any CPU = Release|Any CPU
	EndGlobalSection
	GlobalSection(ProjectConfigurationPlatforms) = postSolution
		{24C58686-0750-41FE-9DCB-68F92D441A90}.Debug|Any CPU.ActiveCfg = Debug|Any CPU
		{24C58686-0750-41FE-9DCB-68F92D441A90}.Debug|Any CPU.Build.0 = Debug|Any CPU
		{24C58686-0750-41FE-9DCB-68F92D441A90}.Release|Any CPU.ActiveCfg = Release|Any CPU
		{24C58686-0750-41FE-9DCB-68F92D441A90}.Release|Any CPU.Build.0 = Release|Any CPU
		{1EE29699-6C8A-409E-A157-25DB17D4A17D}.Debug|Any CPU.ActiveCfg = Debug|Any CPU
		{1EE29699-6C8A-409E-A157-25DB17D4A17D}.Debug|Any CPU.Build.0 = Debug|Any CPU
		{1EE29699-6C8A-409E-A157-25DB17D4A17D}.Release|Any CPU.ActiveCfg = Release|Any CPU
		{1EE29699-6C8A-409E-A157-25DB17D4A17D}.Release|Any CPU.Build.0 = Release|Any CPU
		{A72EBCDE-98A3-43C5-A2AC-B44A59C07D0F}.Debug|Any CPU.ActiveCfg = Debug|Any CPU
		{A72EBCDE-98A3-43C5-A2AC-B44A59C07D0F}.Debug|Any CPU.Build.0 = Debug|Any CPU
		{A72EBCDE-98A3-43C5-A2AC-B44A59C07D0F}.Release|Any CPU.ActiveCfg = Release|Any CPU
		{A72EBCDE-98A3-43C5-A2AC-B44A59C07D0F}.Release|Any CPU.Build.0 = Release|Any CPU
		{9885A280-D9FA-4298-8DA3-D0E1B6081A0F}.Debug|Any CPU.ActiveCfg = Debug|Any CPU
		{9885A280-D9FA-4298-8DA3-D0E1B6081A0F}.Debug|Any CPU.Build.0 = Debug|Any CPU
		{9885A280-D9FA-4298-8DA3-D0E1B6081A0F}.Release|Any CPU.ActiveCfg = Release|Any CPU
		{9885A280-D9FA-4298-8DA3-D0E1B6081A0F}.Release|Any CPU.Build.0 = Release|Any CPU
		{327EE6A9-6A33-4708-9807-3157100DCD29}.Debug|Any CPU.ActiveCfg = Debug|Any CPU
		{327EE6A9-6A33-4708-9807-3157100DCD29}.Debug|Any CPU.Build.0 = Debug|Any CPU
		{327EE6A9-6A33-4708-9807-3157100DCD29}.Release|Any CPU.ActiveCfg = Release|Any CPU
		{327EE6A9-6A33-4708-9807-3157100DCD29}.Release|Any CPU.Build.0 = Release|Any CPU
		{C29D9027-C8C0-4A9E-99D2-FEF5383198ED}.Debug|Any CPU.ActiveCfg = Debug|Any CPU
		{C29D9027-C8C0-4A9E-99D2-FEF5383198ED}.Debug|Any CPU.Build.0 = Debug|Any CPU
		{C29D9027-C8C0-4A9E-99D2-FEF5383198ED}.Release|Any CPU.ActiveCfg = Release|Any CPU
		{C29D9027-C8C0-4A9E-99D2-FEF5383198ED}.Release|Any CPU.Build.0 = Release|Any CPU
		{B5361DA7-79B6-47CE-A435-23D1DFE4B2B2}.Debug|Any CPU.ActiveCfg = Debug|Any CPU
		{B5361DA7-79B6-47CE-A435-23D1DFE4B2B2}.Debug|Any CPU.Build.0 = Debug|Any CPU
		{B5361DA7-79B6-47CE-A435-23D1DFE4B2B2}.Release|Any CPU.ActiveCfg = Release|Any CPU
		{B5361DA7-79B6-47CE-A435-23D1DFE4B2B2}.Release|Any CPU.Build.0 = Release|Any CPU
		{89F2E8F6-ABED-461F-9063-173ECA208C5A}.Debug|Any CPU.ActiveCfg = Debug|Any CPU
		{89F2E8F6-ABED-461F-9063-173ECA208C5A}.Debug|Any CPU.Build.0 = Debug|Any CPU
		{89F2E8F6-ABED-461F-9063-173ECA208C5A}.Release|Any CPU.ActiveCfg = Release|Any CPU
		{89F2E8F6-ABED-461F-9063-173ECA208C5A}.Release|Any CPU.Build.0 = Release|Any CPU
		{37892262-F244-4734-8696-4435CB189C4C}.Debug|Any CPU.ActiveCfg = Debug|Any CPU
		{37892262-F244-4734-8696-4435CB189C4C}.Debug|Any CPU.Build.0 = Debug|Any CPU
		{37892262-F244-4734-8696-4435CB189C4C}.Release|Any CPU.ActiveCfg = Release|Any CPU
		{37892262-F244-4734-8696-4435CB189C4C}.Release|Any CPU.Build.0 = Release|Any CPU
	EndGlobalSection
	GlobalSection(SolutionProperties) = preSolution
		HideSolutionNode = FALSE
	EndGlobalSection
	GlobalSection(ExtensibilityGlobals) = postSolution
		SolutionGuid = {D9DDBA06-9CCE-425D-B8CD-4C0646D76110}
	EndGlobalSection
EndGlobal
