
Microsoft Visual Studio Solution File, Format Version 12.00
# Visual Studio Version 17
VisualStudioVersion = 17.2.32616.157
MinimumVisualStudioVersion = 10.0.40219.1
Project("{FAE04EC0-301F-11D3-BF4B-00C04F79EFBC}") = "P01_Single_Inheritance", "P01_Single_Inheritance\P01_Single_Inheritance.csproj", "{37B813DB-0535-4274-910A-ED19A85F47A4}"
EndProject
Project("{FAE04EC0-301F-11D3-BF4B-00C04F79EFBC}") = "P02_Multiple_Inheritance", "P02_Multiple_Inheritance\P02_Multiple_Inheritance.csproj", "{8407D038-EB7A-495D-9FCA-CC14EB7B8529}"
EndProject
Project("{FAE04EC0-301F-11D3-BF4B-00C04F79EFBC}") = "P03_Hierarchical_Inheritance", "P03_Hierarchical_Inheritance\P03_Hierarchical_Inheritance.csproj", "{A7279D04-DB1F-41BD-AB39-F0138658D034}"
EndProject
Project("{FAE04EC0-301F-11D3-BF4B-00C04F79EFBC}") = "P04_Random_List", "P04_Random_List\P04_Random_List.csproj", "{537141BE-E9C0-41D1-9CDC-E535772DC025}"
EndProject
Global
	GlobalSection(SolutionConfigurationPlatforms) = preSolution
		Debug|Any CPU = Debug|Any CPU
		Release|Any CPU = Release|Any CPU
	EndGlobalSection
	GlobalSection(ProjectConfigurationPlatforms) = postSolution
		{37B813DB-0535-4274-910A-ED19A85F47A4}.Debug|Any CPU.ActiveCfg = Debug|Any CPU
		{37B813DB-0535-4274-910A-ED19A85F47A4}.Debug|Any CPU.Build.0 = Debug|Any CPU
		{37B813DB-0535-4274-910A-ED19A85F47A4}.Release|Any CPU.ActiveCfg = Release|Any CPU
		{37B813DB-0535-4274-910A-ED19A85F47A4}.Release|Any CPU.Build.0 = Release|Any CPU
		{8407D038-EB7A-495D-9FCA-CC14EB7B8529}.Debug|Any CPU.ActiveCfg = Debug|Any CPU
		{8407D038-EB7A-495D-9FCA-CC14EB7B8529}.Debug|Any CPU.Build.0 = Debug|Any CPU
		{8407D038-EB7A-495D-9FCA-CC14EB7B8529}.Release|Any CPU.ActiveCfg = Release|Any CPU
		{8407D038-EB7A-495D-9FCA-CC14EB7B8529}.Release|Any CPU.Build.0 = Release|Any CPU
		{A7279D04-DB1F-41BD-AB39-F0138658D034}.Debug|Any CPU.ActiveCfg = Debug|Any CPU
		{A7279D04-DB1F-41BD-AB39-F0138658D034}.Debug|Any CPU.Build.0 = Debug|Any CPU
		{A7279D04-DB1F-41BD-AB39-F0138658D034}.Release|Any CPU.ActiveCfg = Release|Any CPU
		{A7279D04-DB1F-41BD-AB39-F0138658D034}.Release|Any CPU.Build.0 = Release|Any CPU
		{537141BE-E9C0-41D1-9CDC-E535772DC025}.Debug|Any CPU.ActiveCfg = Debug|Any CPU
		{537141BE-E9C0-41D1-9CDC-E535772DC025}.Debug|Any CPU.Build.0 = Debug|Any CPU
		{537141BE-E9C0-41D1-9CDC-E535772DC025}.Release|Any CPU.ActiveCfg = Release|Any CPU
		{537141BE-E9C0-41D1-9CDC-E535772DC025}.Release|Any CPU.Build.0 = Release|Any CPU
	EndGlobalSection
	GlobalSection(SolutionProperties) = preSolution
		HideSolutionNode = FALSE
	EndGlobalSection
	GlobalSection(ExtensibilityGlobals) = postSolution
		SolutionGuid = {40996E42-8B07-4E30-B266-CD01CFC4DA4E}
	EndGlobalSection
EndGlobal
