
Microsoft Visual Studio Solution File, Format Version 12.00
# Visual Studio Version 16
VisualStudioVersion = 16.0.30309.148
MinimumVisualStudioVersion = 10.0.40219.1
Project("{9A19103F-16F7-4668-BE54-9A1E7A4F7556}") = "Unique_Usernames", "Unique_Usernames\Unique_Usernames.csproj", "{1DA8E3DA-226A-4035-8F5F-979AFDDC4A09}"
EndProject
Project("{9A19103F-16F7-4668-BE54-9A1E7A4F7556}") = "Sets_of_Elements", "Sets_of_Elements\Sets_of_Elements.csproj", "{8DEA5BD2-CE0F-4CF2-B48B-70551B3F9DFA}"
EndProject
Project("{9A19103F-16F7-4668-BE54-9A1E7A4F7556}") = "Periodic_Table", "Periodic_Table\Periodic_Table.csproj", "{15C2DCE0-0AAE-404A-80E6-334DCC1C76B5}"
EndProject
Project("{9A19103F-16F7-4668-BE54-9A1E7A4F7556}") = "Even_Times", "Even_Times\Even_Times.csproj", "{10D24CDB-FCB4-4F55-870A-7087A4FBC9EE}"
EndProject
Project("{9A19103F-16F7-4668-BE54-9A1E7A4F7556}") = "Count_Symbols", "Count_Symbols\Count_Symbols.csproj", "{AAB77DB2-1E67-4340-B758-B388E93BCEE6}"
EndProject
Project("{9A19103F-16F7-4668-BE54-9A1E7A4F7556}") = "Wardrobe", "Wardrobe\Wardrobe.csproj", "{9A539F52-60DB-4926-8A64-1B6C9BE1BA4F}"
EndProject
Project("{9A19103F-16F7-4668-BE54-9A1E7A4F7556}") = "The_V_Logger", "The_V_Logger\The_V_Logger.csproj", "{3845B76E-E27E-40C9-AF8C-6387EC887AB1}"
EndProject
Project("{FAE04EC0-301F-11D3-BF4B-00C04F79EFBC}") = "Ranking", "Ranking\Ranking.csproj", "{9DDE3DEE-B90B-40BB-A09F-502A2F74D1E2}"
EndProject
Global
	GlobalSection(SolutionConfigurationPlatforms) = preSolution
		Debug|Any CPU = Debug|Any CPU
		Release|Any CPU = Release|Any CPU
	EndGlobalSection
	GlobalSection(ProjectConfigurationPlatforms) = postSolution
		{1DA8E3DA-226A-4035-8F5F-979AFDDC4A09}.Debug|Any CPU.ActiveCfg = Debug|Any CPU
		{1DA8E3DA-226A-4035-8F5F-979AFDDC4A09}.Debug|Any CPU.Build.0 = Debug|Any CPU
		{1DA8E3DA-226A-4035-8F5F-979AFDDC4A09}.Release|Any CPU.ActiveCfg = Release|Any CPU
		{1DA8E3DA-226A-4035-8F5F-979AFDDC4A09}.Release|Any CPU.Build.0 = Release|Any CPU
		{8DEA5BD2-CE0F-4CF2-B48B-70551B3F9DFA}.Debug|Any CPU.ActiveCfg = Debug|Any CPU
		{8DEA5BD2-CE0F-4CF2-B48B-70551B3F9DFA}.Debug|Any CPU.Build.0 = Debug|Any CPU
		{8DEA5BD2-CE0F-4CF2-B48B-70551B3F9DFA}.Release|Any CPU.ActiveCfg = Release|Any CPU
		{8DEA5BD2-CE0F-4CF2-B48B-70551B3F9DFA}.Release|Any CPU.Build.0 = Release|Any CPU
		{15C2DCE0-0AAE-404A-80E6-334DCC1C76B5}.Debug|Any CPU.ActiveCfg = Debug|Any CPU
		{15C2DCE0-0AAE-404A-80E6-334DCC1C76B5}.Debug|Any CPU.Build.0 = Debug|Any CPU
		{15C2DCE0-0AAE-404A-80E6-334DCC1C76B5}.Release|Any CPU.ActiveCfg = Release|Any CPU
		{15C2DCE0-0AAE-404A-80E6-334DCC1C76B5}.Release|Any CPU.Build.0 = Release|Any CPU
		{10D24CDB-FCB4-4F55-870A-7087A4FBC9EE}.Debug|Any CPU.ActiveCfg = Debug|Any CPU
		{10D24CDB-FCB4-4F55-870A-7087A4FBC9EE}.Debug|Any CPU.Build.0 = Debug|Any CPU
		{10D24CDB-FCB4-4F55-870A-7087A4FBC9EE}.Release|Any CPU.ActiveCfg = Release|Any CPU
		{10D24CDB-FCB4-4F55-870A-7087A4FBC9EE}.Release|Any CPU.Build.0 = Release|Any CPU
		{AAB77DB2-1E67-4340-B758-B388E93BCEE6}.Debug|Any CPU.ActiveCfg = Debug|Any CPU
		{AAB77DB2-1E67-4340-B758-B388E93BCEE6}.Debug|Any CPU.Build.0 = Debug|Any CPU
		{AAB77DB2-1E67-4340-B758-B388E93BCEE6}.Release|Any CPU.ActiveCfg = Release|Any CPU
		{AAB77DB2-1E67-4340-B758-B388E93BCEE6}.Release|Any CPU.Build.0 = Release|Any CPU
		{9A539F52-60DB-4926-8A64-1B6C9BE1BA4F}.Debug|Any CPU.ActiveCfg = Debug|Any CPU
		{9A539F52-60DB-4926-8A64-1B6C9BE1BA4F}.Debug|Any CPU.Build.0 = Debug|Any CPU
		{9A539F52-60DB-4926-8A64-1B6C9BE1BA4F}.Release|Any CPU.ActiveCfg = Release|Any CPU
		{9A539F52-60DB-4926-8A64-1B6C9BE1BA4F}.Release|Any CPU.Build.0 = Release|Any CPU
		{3845B76E-E27E-40C9-AF8C-6387EC887AB1}.Debug|Any CPU.ActiveCfg = Debug|Any CPU
		{3845B76E-E27E-40C9-AF8C-6387EC887AB1}.Debug|Any CPU.Build.0 = Debug|Any CPU
		{3845B76E-E27E-40C9-AF8C-6387EC887AB1}.Release|Any CPU.ActiveCfg = Release|Any CPU
		{3845B76E-E27E-40C9-AF8C-6387EC887AB1}.Release|Any CPU.Build.0 = Release|Any CPU
		{9DDE3DEE-B90B-40BB-A09F-502A2F74D1E2}.Debug|Any CPU.ActiveCfg = Debug|Any CPU
		{9DDE3DEE-B90B-40BB-A09F-502A2F74D1E2}.Debug|Any CPU.Build.0 = Debug|Any CPU
		{9DDE3DEE-B90B-40BB-A09F-502A2F74D1E2}.Release|Any CPU.ActiveCfg = Release|Any CPU
		{9DDE3DEE-B90B-40BB-A09F-502A2F74D1E2}.Release|Any CPU.Build.0 = Release|Any CPU
	EndGlobalSection
	GlobalSection(SolutionProperties) = preSolution
		HideSolutionNode = FALSE
	EndGlobalSection
	GlobalSection(ExtensibilityGlobals) = postSolution
		SolutionGuid = {E20883C1-81CE-41A2-98AC-FCB2CE0463A5}
	EndGlobalSection
EndGlobal
