
Microsoft Visual Studio Solution File, Format Version 12.00
# Visual Studio 15
VisualStudioVersion = 15.0.28307.329
MinimumVisualStudioVersion = 10.0.40219.1
Project("{9A19103F-16F7-4668-BE54-9A1E7A4F7556}") = "Numbers_N  1", "Numbers_N  1\Numbers_N  1.csproj", "{9F8807E2-193B-4BBC-99CE-585AFD47B62B}"
EndProject
Project("{9A19103F-16F7-4668-BE54-9A1E7A4F7556}") = "Numbers_1_N_with_Step_3", "Numbers_1_N_with_Step_3\Numbers_1_N_with_Step_3.csproj", "{8D4A968B-FB4D-47EA-896A-023BC581A913}"
EndProject
Project("{9A19103F-16F7-4668-BE54-9A1E7A4F7556}") = "Even_Powers_of_2", "Even_Powers_of_2\Even_Powers_of_2.csproj", "{353BF5F5-D366-47D2-8473-0B8092D78BEF}"
EndProject
Project("{9A19103F-16F7-4668-BE54-9A1E7A4F7556}") = "Combination", "Combination\Combination.csproj", "{85BD6A73-ED6A-4E67-ADE6-941C571B35E9}"
EndProject
Project("{9A19103F-16F7-4668-BE54-9A1E7A4F7556}") = "Building", "Building\Building.csproj", "{AC723877-BA3B-4049-961D-A3E47CE2EAFA}"
EndProject
Project("{FAE04EC0-301F-11D3-BF4B-00C04F79EFBC}") = "Travelling", "Travelling\Travelling.csproj", "{3A6B4A28-A8E6-443E-B088-6697435D9ADD}"
EndProject
Project("{FAE04EC0-301F-11D3-BF4B-00C04F79EFBC}") = "Name_Wars", "Name_Wars\Name_Wars.csproj", "{FE516ACD-57F8-4BF3-BE76-048C25FF42DF}"
EndProject
Project("{FAE04EC0-301F-11D3-BF4B-00C04F79EFBC}") = "Cookie factory", "Cookie factory\Cookie factory.csproj", "{2EF08238-C4AF-4AB0-8DE1-9543D39264CA}"
EndProject
Project("{FAE04EC0-301F-11D3-BF4B-00C04F79EFBC}") = "Magic_Numbers", "Magic_Numbers\Magic_Numbers.csproj", "{D6D31544-0B78-4272-81E6-B2701D3C4EF8}"
EndProject
Global
	GlobalSection(SolutionConfigurationPlatforms) = preSolution
		Debug|Any CPU = Debug|Any CPU
		Release|Any CPU = Release|Any CPU
	EndGlobalSection
	GlobalSection(ProjectConfigurationPlatforms) = postSolution
		{9F8807E2-193B-4BBC-99CE-585AFD47B62B}.Debug|Any CPU.ActiveCfg = Debug|Any CPU
		{9F8807E2-193B-4BBC-99CE-585AFD47B62B}.Debug|Any CPU.Build.0 = Debug|Any CPU
		{9F8807E2-193B-4BBC-99CE-585AFD47B62B}.Release|Any CPU.ActiveCfg = Release|Any CPU
		{9F8807E2-193B-4BBC-99CE-585AFD47B62B}.Release|Any CPU.Build.0 = Release|Any CPU
		{8D4A968B-FB4D-47EA-896A-023BC581A913}.Debug|Any CPU.ActiveCfg = Debug|Any CPU
		{8D4A968B-FB4D-47EA-896A-023BC581A913}.Debug|Any CPU.Build.0 = Debug|Any CPU
		{8D4A968B-FB4D-47EA-896A-023BC581A913}.Release|Any CPU.ActiveCfg = Release|Any CPU
		{8D4A968B-FB4D-47EA-896A-023BC581A913}.Release|Any CPU.Build.0 = Release|Any CPU
		{353BF5F5-D366-47D2-8473-0B8092D78BEF}.Debug|Any CPU.ActiveCfg = Debug|Any CPU
		{353BF5F5-D366-47D2-8473-0B8092D78BEF}.Debug|Any CPU.Build.0 = Debug|Any CPU
		{353BF5F5-D366-47D2-8473-0B8092D78BEF}.Release|Any CPU.ActiveCfg = Release|Any CPU
		{353BF5F5-D366-47D2-8473-0B8092D78BEF}.Release|Any CPU.Build.0 = Release|Any CPU
		{85BD6A73-ED6A-4E67-ADE6-941C571B35E9}.Debug|Any CPU.ActiveCfg = Debug|Any CPU
		{85BD6A73-ED6A-4E67-ADE6-941C571B35E9}.Debug|Any CPU.Build.0 = Debug|Any CPU
		{85BD6A73-ED6A-4E67-ADE6-941C571B35E9}.Release|Any CPU.ActiveCfg = Release|Any CPU
		{85BD6A73-ED6A-4E67-ADE6-941C571B35E9}.Release|Any CPU.Build.0 = Release|Any CPU
		{AC723877-BA3B-4049-961D-A3E47CE2EAFA}.Debug|Any CPU.ActiveCfg = Debug|Any CPU
		{AC723877-BA3B-4049-961D-A3E47CE2EAFA}.Debug|Any CPU.Build.0 = Debug|Any CPU
		{AC723877-BA3B-4049-961D-A3E47CE2EAFA}.Release|Any CPU.ActiveCfg = Release|Any CPU
		{AC723877-BA3B-4049-961D-A3E47CE2EAFA}.Release|Any CPU.Build.0 = Release|Any CPU
		{3A6B4A28-A8E6-443E-B088-6697435D9ADD}.Debug|Any CPU.ActiveCfg = Debug|Any CPU
		{3A6B4A28-A8E6-443E-B088-6697435D9ADD}.Debug|Any CPU.Build.0 = Debug|Any CPU
		{3A6B4A28-A8E6-443E-B088-6697435D9ADD}.Release|Any CPU.ActiveCfg = Release|Any CPU
		{3A6B4A28-A8E6-443E-B088-6697435D9ADD}.Release|Any CPU.Build.0 = Release|Any CPU
		{FE516ACD-57F8-4BF3-BE76-048C25FF42DF}.Debug|Any CPU.ActiveCfg = Debug|Any CPU
		{FE516ACD-57F8-4BF3-BE76-048C25FF42DF}.Debug|Any CPU.Build.0 = Debug|Any CPU
		{FE516ACD-57F8-4BF3-BE76-048C25FF42DF}.Release|Any CPU.ActiveCfg = Release|Any CPU
		{FE516ACD-57F8-4BF3-BE76-048C25FF42DF}.Release|Any CPU.Build.0 = Release|Any CPU
		{2EF08238-C4AF-4AB0-8DE1-9543D39264CA}.Debug|Any CPU.ActiveCfg = Debug|Any CPU
		{2EF08238-C4AF-4AB0-8DE1-9543D39264CA}.Debug|Any CPU.Build.0 = Debug|Any CPU
		{2EF08238-C4AF-4AB0-8DE1-9543D39264CA}.Release|Any CPU.ActiveCfg = Release|Any CPU
		{2EF08238-C4AF-4AB0-8DE1-9543D39264CA}.Release|Any CPU.Build.0 = Release|Any CPU
		{D6D31544-0B78-4272-81E6-B2701D3C4EF8}.Debug|Any CPU.ActiveCfg = Debug|Any CPU
		{D6D31544-0B78-4272-81E6-B2701D3C4EF8}.Debug|Any CPU.Build.0 = Debug|Any CPU
		{D6D31544-0B78-4272-81E6-B2701D3C4EF8}.Release|Any CPU.ActiveCfg = Release|Any CPU
		{D6D31544-0B78-4272-81E6-B2701D3C4EF8}.Release|Any CPU.Build.0 = Release|Any CPU
	EndGlobalSection
	GlobalSection(SolutionProperties) = preSolution
		HideSolutionNode = FALSE
	EndGlobalSection
	GlobalSection(ExtensibilityGlobals) = postSolution
		SolutionGuid = {90E7CC03-A12F-465B-ACE8-6E6C8459A12B}
	EndGlobalSection
EndGlobal
