
Microsoft Visual Studio Solution File, Format Version 12.00
# Visual Studio Version 17
VisualStudioVersion = 17.1.32228.430
MinimumVisualStudioVersion = 10.0.40219.1
Project("{9A19103F-16F7-4668-BE54-9A1E7A4F7556}") = "P01_Reverse_Strings", "P01_Reverse_Strings\P01_Reverse_Strings.csproj", "{6A679386-F484-4B44-A6BD-82B45D14F82B}"
EndProject
Project("{9A19103F-16F7-4668-BE54-9A1E7A4F7556}") = "P02_Repeat_Strings", "P02_Repeat_Strings\P02_Repeat_Strings.csproj", "{DEBCDFD0-FE55-45EA-8DB1-054D4B1F8815}"
EndProject
Project("{9A19103F-16F7-4668-BE54-9A1E7A4F7556}") = "P03_Substring", "P03_Substring\P03_Substring.csproj", "{0207FEA9-1EA4-4AE0-AF14-6FA5512483E4}"
EndProject
Project("{9A19103F-16F7-4668-BE54-9A1E7A4F7556}") = "P04_Text_Filter", "P04_Text_Filter\P04_Text_Filter.csproj", "{ED2D49BF-186D-4883-A3F1-D649E49ED4F4}"
EndProject
Project("{FAE04EC0-301F-11D3-BF4B-00C04F79EFBC}") = "P05_Digits_Letters_and_Other", "P05_Digits_Letters_and_Other\P05_Digits_Letters_and_Other.csproj", "{FCD5A596-18AF-4A80-9896-5BB4F318BB97}"
EndProject
Global
	GlobalSection(SolutionConfigurationPlatforms) = preSolution
		Debug|Any CPU = Debug|Any CPU
		Release|Any CPU = Release|Any CPU
	EndGlobalSection
	GlobalSection(ProjectConfigurationPlatforms) = postSolution
		{6A679386-F484-4B44-A6BD-82B45D14F82B}.Debug|Any CPU.ActiveCfg = Debug|Any CPU
		{6A679386-F484-4B44-A6BD-82B45D14F82B}.Debug|Any CPU.Build.0 = Debug|Any CPU
		{6A679386-F484-4B44-A6BD-82B45D14F82B}.Release|Any CPU.ActiveCfg = Release|Any CPU
		{6A679386-F484-4B44-A6BD-82B45D14F82B}.Release|Any CPU.Build.0 = Release|Any CPU
		{DEBCDFD0-FE55-45EA-8DB1-054D4B1F8815}.Debug|Any CPU.ActiveCfg = Debug|Any CPU
		{DEBCDFD0-FE55-45EA-8DB1-054D4B1F8815}.Debug|Any CPU.Build.0 = Debug|Any CPU
		{DEBCDFD0-FE55-45EA-8DB1-054D4B1F8815}.Release|Any CPU.ActiveCfg = Release|Any CPU
		{DEBCDFD0-FE55-45EA-8DB1-054D4B1F8815}.Release|Any CPU.Build.0 = Release|Any CPU
		{0207FEA9-1EA4-4AE0-AF14-6FA5512483E4}.Debug|Any CPU.ActiveCfg = Debug|Any CPU
		{0207FEA9-1EA4-4AE0-AF14-6FA5512483E4}.Debug|Any CPU.Build.0 = Debug|Any CPU
		{0207FEA9-1EA4-4AE0-AF14-6FA5512483E4}.Release|Any CPU.ActiveCfg = Release|Any CPU
		{0207FEA9-1EA4-4AE0-AF14-6FA5512483E4}.Release|Any CPU.Build.0 = Release|Any CPU
		{ED2D49BF-186D-4883-A3F1-D649E49ED4F4}.Debug|Any CPU.ActiveCfg = Debug|Any CPU
		{ED2D49BF-186D-4883-A3F1-D649E49ED4F4}.Debug|Any CPU.Build.0 = Debug|Any CPU
		{ED2D49BF-186D-4883-A3F1-D649E49ED4F4}.Release|Any CPU.ActiveCfg = Release|Any CPU
		{ED2D49BF-186D-4883-A3F1-D649E49ED4F4}.Release|Any CPU.Build.0 = Release|Any CPU
		{FCD5A596-18AF-4A80-9896-5BB4F318BB97}.Debug|Any CPU.ActiveCfg = Debug|Any CPU
		{FCD5A596-18AF-4A80-9896-5BB4F318BB97}.Debug|Any CPU.Build.0 = Debug|Any CPU
		{FCD5A596-18AF-4A80-9896-5BB4F318BB97}.Release|Any CPU.ActiveCfg = Release|Any CPU
		{FCD5A596-18AF-4A80-9896-5BB4F318BB97}.Release|Any CPU.Build.0 = Release|Any CPU
	EndGlobalSection
	GlobalSection(SolutionProperties) = preSolution
		HideSolutionNode = FALSE
	EndGlobalSection
	GlobalSection(ExtensibilityGlobals) = postSolution
		SolutionGuid = {F1F45A3C-5B99-4CE8-AEA2-831922AE345F}
	EndGlobalSection
EndGlobal
