
Microsoft Visual Studio Solution File, Format Version 12.00
# Visual Studio 15
VisualStudioVersion = 15.0.28307.329
MinimumVisualStudioVersion = 10.0.40219.1
Project("{9A19103F-16F7-4668-BE54-9A1E7A4F7556}") = "Numbers_from1to100", "Numbers_from1to100\Numbers_from1to100.csproj", "{77319A39-6C22-4104-A099-2E77F1752B1C}"
EndProject
Project("{9A19103F-16F7-4668-BE54-9A1E7A4F7556}") = "LatinLetters", "LatinLetters\LatinLetters.csproj", "{DEAC8DBF-0EF1-4EA4-AF81-0F267765E221}"
EndProject
Project("{9A19103F-16F7-4668-BE54-9A1E7A4F7556}") = "SumNumbers", "SumNumbers\SumNumbers.csproj", "{013B264E-F9F1-460B-9079-15B85E757609}"
EndProject
Project("{9A19103F-16F7-4668-BE54-9A1E7A4F7556}") = "MaxNumber", "MaxNumber\MaxNumber.csproj", "{8576EF43-A9C7-4A5A-B4C9-E5B3EE91B0B9}"
EndProject
Project("{9A19103F-16F7-4668-BE54-9A1E7A4F7556}") = "MinNumber", "MinNumber\MinNumber.csproj", "{FE193B48-FE69-4139-A078-80B3E95AFE29}"
EndProject
Project("{9A19103F-16F7-4668-BE54-9A1E7A4F7556}") = "Left_and_Right_Sum", "Left_and_Right_Sum\Left_and_Right_Sum.csproj", "{532E5130-12A8-4508-8A65-A65FEA43F7E7}"
EndProject
Project("{FAE04EC0-301F-11D3-BF4B-00C04F79EFBC}") = "test2", "test2\test2.csproj", "{5CA3683C-92A7-459A-98FF-DCE725A6734B}"
EndProject
Project("{FAE04EC0-301F-11D3-BF4B-00C04F79EFBC}") = "OddEvenSum", "OddEvenSum\OddEvenSum.csproj", "{DC8DF465-E773-44E5-AEBC-FD2FA642E205}"
EndProject
Project("{FAE04EC0-301F-11D3-BF4B-00C04F79EFBC}") = "VowelsSum", "VowelsSum\VowelsSum.csproj", "{5D6C2A4A-E00C-432B-96E0-ED02B225E683}"
EndProject
Project("{FAE04EC0-301F-11D3-BF4B-00C04F79EFBC}") = "CleverLily", "CleverLily\CleverLily.csproj", "{B2003197-231B-42C5-88F8-298DC0CB2960}"
EndProject
Project("{FAE04EC0-301F-11D3-BF4B-00C04F79EFBC}") = "CleverLily2", "CleverLily2\CleverLily2.csproj", "{D93BDE65-5500-4558-8A59-D657C059826A}"
EndProject
Global
	GlobalSection(SolutionConfigurationPlatforms) = preSolution
		Debug|Any CPU = Debug|Any CPU
		Release|Any CPU = Release|Any CPU
	EndGlobalSection
	GlobalSection(ProjectConfigurationPlatforms) = postSolution
		{77319A39-6C22-4104-A099-2E77F1752B1C}.Debug|Any CPU.ActiveCfg = Debug|Any CPU
		{77319A39-6C22-4104-A099-2E77F1752B1C}.Debug|Any CPU.Build.0 = Debug|Any CPU
		{77319A39-6C22-4104-A099-2E77F1752B1C}.Release|Any CPU.ActiveCfg = Release|Any CPU
		{77319A39-6C22-4104-A099-2E77F1752B1C}.Release|Any CPU.Build.0 = Release|Any CPU
		{DEAC8DBF-0EF1-4EA4-AF81-0F267765E221}.Debug|Any CPU.ActiveCfg = Debug|Any CPU
		{DEAC8DBF-0EF1-4EA4-AF81-0F267765E221}.Debug|Any CPU.Build.0 = Debug|Any CPU
		{DEAC8DBF-0EF1-4EA4-AF81-0F267765E221}.Release|Any CPU.ActiveCfg = Release|Any CPU
		{DEAC8DBF-0EF1-4EA4-AF81-0F267765E221}.Release|Any CPU.Build.0 = Release|Any CPU
		{013B264E-F9F1-460B-9079-15B85E757609}.Debug|Any CPU.ActiveCfg = Debug|Any CPU
		{013B264E-F9F1-460B-9079-15B85E757609}.Debug|Any CPU.Build.0 = Debug|Any CPU
		{013B264E-F9F1-460B-9079-15B85E757609}.Release|Any CPU.ActiveCfg = Release|Any CPU
		{013B264E-F9F1-460B-9079-15B85E757609}.Release|Any CPU.Build.0 = Release|Any CPU
		{8576EF43-A9C7-4A5A-B4C9-E5B3EE91B0B9}.Debug|Any CPU.ActiveCfg = Debug|Any CPU
		{8576EF43-A9C7-4A5A-B4C9-E5B3EE91B0B9}.Debug|Any CPU.Build.0 = Debug|Any CPU
		{8576EF43-A9C7-4A5A-B4C9-E5B3EE91B0B9}.Release|Any CPU.ActiveCfg = Release|Any CPU
		{8576EF43-A9C7-4A5A-B4C9-E5B3EE91B0B9}.Release|Any CPU.Build.0 = Release|Any CPU
		{FE193B48-FE69-4139-A078-80B3E95AFE29}.Debug|Any CPU.ActiveCfg = Debug|Any CPU
		{FE193B48-FE69-4139-A078-80B3E95AFE29}.Debug|Any CPU.Build.0 = Debug|Any CPU
		{FE193B48-FE69-4139-A078-80B3E95AFE29}.Release|Any CPU.ActiveCfg = Release|Any CPU
		{FE193B48-FE69-4139-A078-80B3E95AFE29}.Release|Any CPU.Build.0 = Release|Any CPU
		{532E5130-12A8-4508-8A65-A65FEA43F7E7}.Debug|Any CPU.ActiveCfg = Debug|Any CPU
		{532E5130-12A8-4508-8A65-A65FEA43F7E7}.Debug|Any CPU.Build.0 = Debug|Any CPU
		{532E5130-12A8-4508-8A65-A65FEA43F7E7}.Release|Any CPU.ActiveCfg = Release|Any CPU
		{532E5130-12A8-4508-8A65-A65FEA43F7E7}.Release|Any CPU.Build.0 = Release|Any CPU
		{5CA3683C-92A7-459A-98FF-DCE725A6734B}.Debug|Any CPU.ActiveCfg = Debug|Any CPU
		{5CA3683C-92A7-459A-98FF-DCE725A6734B}.Debug|Any CPU.Build.0 = Debug|Any CPU
		{5CA3683C-92A7-459A-98FF-DCE725A6734B}.Release|Any CPU.ActiveCfg = Release|Any CPU
		{5CA3683C-92A7-459A-98FF-DCE725A6734B}.Release|Any CPU.Build.0 = Release|Any CPU
		{DC8DF465-E773-44E5-AEBC-FD2FA642E205}.Debug|Any CPU.ActiveCfg = Debug|Any CPU
		{DC8DF465-E773-44E5-AEBC-FD2FA642E205}.Debug|Any CPU.Build.0 = Debug|Any CPU
		{DC8DF465-E773-44E5-AEBC-FD2FA642E205}.Release|Any CPU.ActiveCfg = Release|Any CPU
		{DC8DF465-E773-44E5-AEBC-FD2FA642E205}.Release|Any CPU.Build.0 = Release|Any CPU
		{5D6C2A4A-E00C-432B-96E0-ED02B225E683}.Debug|Any CPU.ActiveCfg = Debug|Any CPU
		{5D6C2A4A-E00C-432B-96E0-ED02B225E683}.Debug|Any CPU.Build.0 = Debug|Any CPU
		{5D6C2A4A-E00C-432B-96E0-ED02B225E683}.Release|Any CPU.ActiveCfg = Release|Any CPU
		{5D6C2A4A-E00C-432B-96E0-ED02B225E683}.Release|Any CPU.Build.0 = Release|Any CPU
		{B2003197-231B-42C5-88F8-298DC0CB2960}.Debug|Any CPU.ActiveCfg = Debug|Any CPU
		{B2003197-231B-42C5-88F8-298DC0CB2960}.Debug|Any CPU.Build.0 = Debug|Any CPU
		{B2003197-231B-42C5-88F8-298DC0CB2960}.Release|Any CPU.ActiveCfg = Release|Any CPU
		{B2003197-231B-42C5-88F8-298DC0CB2960}.Release|Any CPU.Build.0 = Release|Any CPU
		{D93BDE65-5500-4558-8A59-D657C059826A}.Debug|Any CPU.ActiveCfg = Debug|Any CPU
		{D93BDE65-5500-4558-8A59-D657C059826A}.Debug|Any CPU.Build.0 = Debug|Any CPU
		{D93BDE65-5500-4558-8A59-D657C059826A}.Release|Any CPU.ActiveCfg = Release|Any CPU
		{D93BDE65-5500-4558-8A59-D657C059826A}.Release|Any CPU.Build.0 = Release|Any CPU
	EndGlobalSection
	GlobalSection(SolutionProperties) = preSolution
		HideSolutionNode = FALSE
	EndGlobalSection
	GlobalSection(ExtensibilityGlobals) = postSolution
		SolutionGuid = {1AA1A9A3-5B3D-4914-9512-BF019435D5AD}
	EndGlobalSection
EndGlobal
