
Microsoft Visual Studio Solution File, Format Version 12.00
# Visual Studio Version 17
VisualStudioVersion = 17.2.32519.379
MinimumVisualStudioVersion = 10.0.40219.1
Project("{9A19103F-16F7-4668-BE54-9A1E7A4F7556}") = "P01_Even_Lines", "P01_Even_Lines\P01_Even_Lines.csproj", "{41037AC0-70F1-4DCC-BBB6-0EBC7906A296}"
EndProject
Project("{9A19103F-16F7-4668-BE54-9A1E7A4F7556}") = "P02_Line_Numbers", "P02_Line_Numbers\P02_Line_Numbers.csproj", "{92EA9726-4D12-4DFD-B9F9-004DCF594B71}"
EndProject
Project("{9A19103F-16F7-4668-BE54-9A1E7A4F7556}") = "P03_Copy_Binary_File", "P03_Copy_Binary_File\P03_Copy_Binary_File.csproj", "{56EC0058-9B42-41D2-BEFF-11D4F8C6126B}"
EndProject
Project("{9A19103F-16F7-4668-BE54-9A1E7A4F7556}") = "P04_Directory_Traversal", "P04_Directory_Traversal\P04_Directory_Traversal.csproj", "{55A513F8-1869-41BE-8C15-EB3C283D8AB3}"
EndProject
Project("{FAE04EC0-301F-11D3-BF4B-00C04F79EFBC}") = "P05_Copy_Directory", "P05_Copy_Directory\P05_Copy_Directory.csproj", "{D060279F-4024-4986-BBE2-E3F6E8C935B3}"
EndProject
Project("{FAE04EC0-301F-11D3-BF4B-00C04F79EFBC}") = "P06_Zip_and_Extracts", "P06_Zip_and_Extracts\P06_Zip_and_Extracts.csproj", "{671DE6FF-C5CB-4994-BED5-E8B5CA6D35C6}"
EndProject
Global
	GlobalSection(SolutionConfigurationPlatforms) = preSolution
		Debug|Any CPU = Debug|Any CPU
		Release|Any CPU = Release|Any CPU
	EndGlobalSection
	GlobalSection(ProjectConfigurationPlatforms) = postSolution
		{41037AC0-70F1-4DCC-BBB6-0EBC7906A296}.Debug|Any CPU.ActiveCfg = Debug|Any CPU
		{41037AC0-70F1-4DCC-BBB6-0EBC7906A296}.Debug|Any CPU.Build.0 = Debug|Any CPU
		{41037AC0-70F1-4DCC-BBB6-0EBC7906A296}.Release|Any CPU.ActiveCfg = Release|Any CPU
		{41037AC0-70F1-4DCC-BBB6-0EBC7906A296}.Release|Any CPU.Build.0 = Release|Any CPU
		{92EA9726-4D12-4DFD-B9F9-004DCF594B71}.Debug|Any CPU.ActiveCfg = Debug|Any CPU
		{92EA9726-4D12-4DFD-B9F9-004DCF594B71}.Debug|Any CPU.Build.0 = Debug|Any CPU
		{92EA9726-4D12-4DFD-B9F9-004DCF594B71}.Release|Any CPU.ActiveCfg = Release|Any CPU
		{92EA9726-4D12-4DFD-B9F9-004DCF594B71}.Release|Any CPU.Build.0 = Release|Any CPU
		{56EC0058-9B42-41D2-BEFF-11D4F8C6126B}.Debug|Any CPU.ActiveCfg = Debug|Any CPU
		{56EC0058-9B42-41D2-BEFF-11D4F8C6126B}.Debug|Any CPU.Build.0 = Debug|Any CPU
		{56EC0058-9B42-41D2-BEFF-11D4F8C6126B}.Release|Any CPU.ActiveCfg = Release|Any CPU
		{56EC0058-9B42-41D2-BEFF-11D4F8C6126B}.Release|Any CPU.Build.0 = Release|Any CPU
		{55A513F8-1869-41BE-8C15-EB3C283D8AB3}.Debug|Any CPU.ActiveCfg = Debug|Any CPU
		{55A513F8-1869-41BE-8C15-EB3C283D8AB3}.Debug|Any CPU.Build.0 = Debug|Any CPU
		{55A513F8-1869-41BE-8C15-EB3C283D8AB3}.Release|Any CPU.ActiveCfg = Release|Any CPU
		{55A513F8-1869-41BE-8C15-EB3C283D8AB3}.Release|Any CPU.Build.0 = Release|Any CPU
		{D060279F-4024-4986-BBE2-E3F6E8C935B3}.Debug|Any CPU.ActiveCfg = Debug|Any CPU
		{D060279F-4024-4986-BBE2-E3F6E8C935B3}.Debug|Any CPU.Build.0 = Debug|Any CPU
		{D060279F-4024-4986-BBE2-E3F6E8C935B3}.Release|Any CPU.ActiveCfg = Release|Any CPU
		{D060279F-4024-4986-BBE2-E3F6E8C935B3}.Release|Any CPU.Build.0 = Release|Any CPU
		{671DE6FF-C5CB-4994-BED5-E8B5CA6D35C6}.Debug|Any CPU.ActiveCfg = Debug|Any CPU
		{671DE6FF-C5CB-4994-BED5-E8B5CA6D35C6}.Debug|Any CPU.Build.0 = Debug|Any CPU
		{671DE6FF-C5CB-4994-BED5-E8B5CA6D35C6}.Release|Any CPU.ActiveCfg = Release|Any CPU
		{671DE6FF-C5CB-4994-BED5-E8B5CA6D35C6}.Release|Any CPU.Build.0 = Release|Any CPU
	EndGlobalSection
	GlobalSection(SolutionProperties) = preSolution
		HideSolutionNode = FALSE
	EndGlobalSection
	GlobalSection(ExtensibilityGlobals) = postSolution
		SolutionGuid = {BAAA46A1-D93C-4944-9905-D58A3C0C288E}
	EndGlobalSection
EndGlobal
