
Microsoft Visual Studio Solution File, Format Version 12.00
# Visual Studio Version 16
VisualStudioVersion = 16.0.30114.105
MinimumVisualStudioVersion = 10.0.40219.1
Project("{9A19103F-16F7-4668-BE54-9A1E7A4F7556}") = "Diagonal Difference", "Diagonal Difference\Diagonal Difference.csproj", "{5DBEF57D-2557-4D93-8755-DA839A095135}"
EndProject
Project("{9A19103F-16F7-4668-BE54-9A1E7A4F7556}") = "Squares_in_Matrix", "Squares_in_Matrix\Squares_in_Matrix.csproj", "{44E0A12F-3E73-4618-A706-28C219260AB9}"
EndProject
Project("{9A19103F-16F7-4668-BE54-9A1E7A4F7556}") = "Maximal_Sum", "Maximal_Sum\Maximal_Sum.csproj", "{6AA82D63-8C76-476E-8F1A-272DC333A388}"
EndProject
Project("{9A19103F-16F7-4668-BE54-9A1E7A4F7556}") = "Matrix_Shuffling", "Matrix_Shuffling\Matrix_Shuffling.csproj", "{1706C1B0-32E6-4E2F-B873-C226DF80ED62}"
EndProject
Project("{9A19103F-16F7-4668-BE54-9A1E7A4F7556}") = "Snake_Moves", "Snake_Moves\Snake_Moves.csproj", "{A6C44EC0-3700-4365-BC4C-B313719CC126}"
EndProject
Project("{9A19103F-16F7-4668-BE54-9A1E7A4F7556}") = "Knight_Game", "Knight_Game\Knight_Game.csproj", "{BA43EC17-BC2F-4BE7-9EE6-550889CCC1AB}"
EndProject
Project("{9A19103F-16F7-4668-BE54-9A1E7A4F7556}") = "Bombs", "Bombs\Bombs.csproj", "{869C0092-EDC8-4BEA-B3F3-72D047F76E19}"
EndProject
Project("{9A19103F-16F7-4668-BE54-9A1E7A4F7556}") = "Miner", "Miner\Miner.csproj", "{0FECA40E-A275-44FE-B8FD-42D7D188C0A5}"
EndProject
Project("{FAE04EC0-301F-11D3-BF4B-00C04F79EFBC}") = "Radioactive_Mutant_Vampire_Bunnies", "Radioactive_Mutant_Vampire_Bunnies\Radioactive_Mutant_Vampire_Bunnies.csproj", "{A07D7CC7-258C-4B51-82B2-5BEAA941BD87}"
EndProject
Global
	GlobalSection(SolutionConfigurationPlatforms) = preSolution
		Debug|Any CPU = Debug|Any CPU
		Release|Any CPU = Release|Any CPU
	EndGlobalSection
	GlobalSection(ProjectConfigurationPlatforms) = postSolution
		{5DBEF57D-2557-4D93-8755-DA839A095135}.Debug|Any CPU.ActiveCfg = Debug|Any CPU
		{5DBEF57D-2557-4D93-8755-DA839A095135}.Debug|Any CPU.Build.0 = Debug|Any CPU
		{5DBEF57D-2557-4D93-8755-DA839A095135}.Release|Any CPU.ActiveCfg = Release|Any CPU
		{5DBEF57D-2557-4D93-8755-DA839A095135}.Release|Any CPU.Build.0 = Release|Any CPU
		{44E0A12F-3E73-4618-A706-28C219260AB9}.Debug|Any CPU.ActiveCfg = Debug|Any CPU
		{44E0A12F-3E73-4618-A706-28C219260AB9}.Debug|Any CPU.Build.0 = Debug|Any CPU
		{44E0A12F-3E73-4618-A706-28C219260AB9}.Release|Any CPU.ActiveCfg = Release|Any CPU
		{44E0A12F-3E73-4618-A706-28C219260AB9}.Release|Any CPU.Build.0 = Release|Any CPU
		{6AA82D63-8C76-476E-8F1A-272DC333A388}.Debug|Any CPU.ActiveCfg = Debug|Any CPU
		{6AA82D63-8C76-476E-8F1A-272DC333A388}.Debug|Any CPU.Build.0 = Debug|Any CPU
		{6AA82D63-8C76-476E-8F1A-272DC333A388}.Release|Any CPU.ActiveCfg = Release|Any CPU
		{6AA82D63-8C76-476E-8F1A-272DC333A388}.Release|Any CPU.Build.0 = Release|Any CPU
		{1706C1B0-32E6-4E2F-B873-C226DF80ED62}.Debug|Any CPU.ActiveCfg = Debug|Any CPU
		{1706C1B0-32E6-4E2F-B873-C226DF80ED62}.Debug|Any CPU.Build.0 = Debug|Any CPU
		{1706C1B0-32E6-4E2F-B873-C226DF80ED62}.Release|Any CPU.ActiveCfg = Release|Any CPU
		{1706C1B0-32E6-4E2F-B873-C226DF80ED62}.Release|Any CPU.Build.0 = Release|Any CPU
		{A6C44EC0-3700-4365-BC4C-B313719CC126}.Debug|Any CPU.ActiveCfg = Debug|Any CPU
		{A6C44EC0-3700-4365-BC4C-B313719CC126}.Debug|Any CPU.Build.0 = Debug|Any CPU
		{A6C44EC0-3700-4365-BC4C-B313719CC126}.Release|Any CPU.ActiveCfg = Release|Any CPU
		{A6C44EC0-3700-4365-BC4C-B313719CC126}.Release|Any CPU.Build.0 = Release|Any CPU
		{BA43EC17-BC2F-4BE7-9EE6-550889CCC1AB}.Debug|Any CPU.ActiveCfg = Debug|Any CPU
		{BA43EC17-BC2F-4BE7-9EE6-550889CCC1AB}.Debug|Any CPU.Build.0 = Debug|Any CPU
		{BA43EC17-BC2F-4BE7-9EE6-550889CCC1AB}.Release|Any CPU.ActiveCfg = Release|Any CPU
		{BA43EC17-BC2F-4BE7-9EE6-550889CCC1AB}.Release|Any CPU.Build.0 = Release|Any CPU
		{869C0092-EDC8-4BEA-B3F3-72D047F76E19}.Debug|Any CPU.ActiveCfg = Debug|Any CPU
		{869C0092-EDC8-4BEA-B3F3-72D047F76E19}.Debug|Any CPU.Build.0 = Debug|Any CPU
		{869C0092-EDC8-4BEA-B3F3-72D047F76E19}.Release|Any CPU.ActiveCfg = Release|Any CPU
		{869C0092-EDC8-4BEA-B3F3-72D047F76E19}.Release|Any CPU.Build.0 = Release|Any CPU
		{0FECA40E-A275-44FE-B8FD-42D7D188C0A5}.Debug|Any CPU.ActiveCfg = Debug|Any CPU
		{0FECA40E-A275-44FE-B8FD-42D7D188C0A5}.Debug|Any CPU.Build.0 = Debug|Any CPU
		{0FECA40E-A275-44FE-B8FD-42D7D188C0A5}.Release|Any CPU.ActiveCfg = Release|Any CPU
		{0FECA40E-A275-44FE-B8FD-42D7D188C0A5}.Release|Any CPU.Build.0 = Release|Any CPU
		{A07D7CC7-258C-4B51-82B2-5BEAA941BD87}.Debug|Any CPU.ActiveCfg = Debug|Any CPU
		{A07D7CC7-258C-4B51-82B2-5BEAA941BD87}.Debug|Any CPU.Build.0 = Debug|Any CPU
		{A07D7CC7-258C-4B51-82B2-5BEAA941BD87}.Release|Any CPU.ActiveCfg = Release|Any CPU
		{A07D7CC7-258C-4B51-82B2-5BEAA941BD87}.Release|Any CPU.Build.0 = Release|Any CPU
	EndGlobalSection
	GlobalSection(SolutionProperties) = preSolution
		HideSolutionNode = FALSE
	EndGlobalSection
	GlobalSection(ExtensibilityGlobals) = postSolution
		SolutionGuid = {7730CB74-B4D0-47EF-A7BA-15F6C854E1F8}
	EndGlobalSection
EndGlobal
