
Microsoft Visual Studio Solution File, Format Version 12.00
# Visual Studio Version 17
VisualStudioVersion = 17.0.32112.339
MinimumVisualStudioVersion = 10.0.40219.1
Project("{FAE04EC0-301F-11D3-BF4B-00C04F79EFBC}") = "01_Encrypt_Sort_and_Print_Array", "01_Encrypt_Sort_and_Print_Array\01_Encrypt_Sort_and_Print_Array.csproj", "{BDD2C179-3D04-44D8-A937-F810E2687859}"
EndProject
Project("{FAE04EC0-301F-11D3-BF4B-00C04F79EFBC}") = "02_Pascal_Triangle", "02_Pascal_Triangle\02_Pascal_Triangle.csproj", "{ADEFF59F-36DE-451F-AD90-06253CAD7CA4}"
EndProject
Global
	GlobalSection(SolutionConfigurationPlatforms) = preSolution
		Debug|Any CPU = Debug|Any CPU
		Release|Any CPU = Release|Any CPU
	EndGlobalSection
	GlobalSection(ProjectConfigurationPlatforms) = postSolution
		{BDD2C179-3D04-44D8-A937-F810E2687859}.Debug|Any CPU.ActiveCfg = Debug|Any CPU
		{BDD2C179-3D04-44D8-A937-F810E2687859}.Debug|Any CPU.Build.0 = Debug|Any CPU
		{BDD2C179-3D04-44D8-A937-F810E2687859}.Release|Any CPU.ActiveCfg = Release|Any CPU
		{BDD2C179-3D04-44D8-A937-F810E2687859}.Release|Any CPU.Build.0 = Release|Any CPU
		{ADEFF59F-36DE-451F-AD90-06253CAD7CA4}.Debug|Any CPU.ActiveCfg = Debug|Any CPU
		{ADEFF59F-36DE-451F-AD90-06253CAD7CA4}.Debug|Any CPU.Build.0 = Debug|Any CPU
		{ADEFF59F-36DE-451F-AD90-06253CAD7CA4}.Release|Any CPU.ActiveCfg = Release|Any CPU
		{ADEFF59F-36DE-451F-AD90-06253CAD7CA4}.Release|Any CPU.Build.0 = Release|Any CPU
	EndGlobalSection
	GlobalSection(SolutionProperties) = preSolution
		HideSolutionNode = FALSE
	EndGlobalSection
	GlobalSection(ExtensibilityGlobals) = postSolution
		SolutionGuid = {A244D273-F3C2-4BCB-B0F8-2ECA8ABFBE05}
	EndGlobalSection
EndGlobal
