
Microsoft Visual Studio Solution File, Format Version 12.00
# Visual Studio Version 17
VisualStudioVersion = 17.3.32825.248
MinimumVisualStudioVersion = 10.0.40219.1
Project("{FAE04EC0-301F-11D3-BF4B-00C04F79EFBC}") = "P02_Database_First", "P02_Database_First\P02_Database_First.csproj", "{53D2AA24-639B-42F1-8288-06A9F4535B3F}"
EndProject
Global
	GlobalSection(SolutionConfigurationPlatforms) = preSolution
		Debug|Any CPU = Debug|Any CPU
		Release|Any CPU = Release|Any CPU
	EndGlobalSection
	GlobalSection(ProjectConfigurationPlatforms) = postSolution
		{53D2AA24-639B-42F1-8288-06A9F4535B3F}.Debug|Any CPU.ActiveCfg = Debug|Any CPU
		{53D2AA24-639B-42F1-8288-06A9F4535B3F}.Debug|Any CPU.Build.0 = Debug|Any CPU
		{53D2AA24-639B-42F1-8288-06A9F4535B3F}.Release|Any CPU.ActiveCfg = Release|Any CPU
		{53D2AA24-639B-42F1-8288-06A9F4535B3F}.Release|Any CPU.Build.0 = Release|Any CPU
	EndGlobalSection
	GlobalSection(SolutionProperties) = preSolution
		HideSolutionNode = FALSE
	EndGlobalSection
	GlobalSection(ExtensibilityGlobals) = postSolution
		SolutionGuid = {48EF7C0F-646D-484F-A750-ACDB3919D25C}
	EndGlobalSection
EndGlobal
