
Microsoft Visual Studio Solution File, Format Version 12.00
# Visual Studio Version 17
VisualStudioVersion = 17.3.32825.248
MinimumVisualStudioVersion = 10.0.40219.1
Project("{9A19103F-16F7-4668-BE54-9A1E7A4F7556}") = "P01_StudentSystem", "P01_StudentSystem\P01_StudentSystem.csproj", "{6BB61E02-464A-49FA-960E-AD70FAA7366D}"
EndProject
Project("{FAE04EC0-301F-11D3-BF4B-00C04F79EFBC}") = "P02_Football_Betting", "P02_Football_Betting\P02_Football_Betting.csproj", "{07B06A2F-005C-4FDE-A771-7D02EDF50413}"
EndProject
Global
	GlobalSection(SolutionConfigurationPlatforms) = preSolution
		Debug|Any CPU = Debug|Any CPU
		Release|Any CPU = Release|Any CPU
	EndGlobalSection
	GlobalSection(ProjectConfigurationPlatforms) = postSolution
		{6BB61E02-464A-49FA-960E-AD70FAA7366D}.Debug|Any CPU.ActiveCfg = Debug|Any CPU
		{6BB61E02-464A-49FA-960E-AD70FAA7366D}.Debug|Any CPU.Build.0 = Debug|Any CPU
		{6BB61E02-464A-49FA-960E-AD70FAA7366D}.Release|Any CPU.ActiveCfg = Release|Any CPU
		{6BB61E02-464A-49FA-960E-AD70FAA7366D}.Release|Any CPU.Build.0 = Release|Any CPU
		{07B06A2F-005C-4FDE-A771-7D02EDF50413}.Debug|Any CPU.ActiveCfg = Debug|Any CPU
		{07B06A2F-005C-4FDE-A771-7D02EDF50413}.Debug|Any CPU.Build.0 = Debug|Any CPU
		{07B06A2F-005C-4FDE-A771-7D02EDF50413}.Release|Any CPU.ActiveCfg = Release|Any CPU
		{07B06A2F-005C-4FDE-A771-7D02EDF50413}.Release|Any CPU.Build.0 = Release|Any CPU
	EndGlobalSection
	GlobalSection(SolutionProperties) = preSolution
		HideSolutionNode = FALSE
	EndGlobalSection
	GlobalSection(ExtensibilityGlobals) = postSolution
		SolutionGuid = {F03B17F5-40E6-4C64-B00F-50C9E74C50FC}
	EndGlobalSection
EndGlobal
