
Microsoft Visual Studio Solution File, Format Version 12.00
# Visual Studio Version 16
VisualStudioVersion = 16.0.29424.173
MinimumVisualStudioVersion = 10.0.40219.1
Project("{9A19103F-16F7-4668-BE54-9A1E7A4F7556}") = "Advertisement_Message", "Advertisement_Message\Advertisement_Message.csproj", "{0B128965-0518-4919-A487-F70EA8527903}"
EndProject
Project("{9A19103F-16F7-4668-BE54-9A1E7A4F7556}") = "Articles", "Articles\Articles.csproj", "{7C6ACCBE-2D73-410E-BFD7-77C3A3926549}"
EndProject
Project("{9A19103F-16F7-4668-BE54-9A1E7A4F7556}") = "Articles 2.0", "Articles 2.0\Articles 2.0.csproj", "{7FFDEF2E-31EC-46C3-8388-60CC14C4DE2E}"
EndProject
Project("{9A19103F-16F7-4668-BE54-9A1E7A4F7556}") = "Students", "Students\Students.csproj", "{919A7514-99A5-4840-8F22-C9FD38B7DB65}"
EndProject
Project("{9A19103F-16F7-4668-BE54-9A1E7A4F7556}") = "Teamwork_Projects", "Teamwork_Projects\Teamwork_Projects.csproj", "{9DA271D9-95F1-40E8-8178-0A808841D07D}"
EndProject
Project("{FAE04EC0-301F-11D3-BF4B-00C04F79EFBC}") = "try_to_help", "try_to_help\try_to_help.csproj", "{7F90BDE0-B951-4E19-9EA3-D96C981ADCE4}"
EndProject
Project("{FAE04EC0-301F-11D3-BF4B-00C04F79EFBC}") = "Vehicle Catalogue", "ConsoleApp1\Vehicle Catalogue.csproj", "{493E9D48-41C7-4D9F-9874-9D24CDD88896}"
EndProject
Global
	GlobalSection(SolutionConfigurationPlatforms) = preSolution
		Debug|Any CPU = Debug|Any CPU
		Release|Any CPU = Release|Any CPU
	EndGlobalSection
	GlobalSection(ProjectConfigurationPlatforms) = postSolution
		{0B128965-0518-4919-A487-F70EA8527903}.Debug|Any CPU.ActiveCfg = Debug|Any CPU
		{0B128965-0518-4919-A487-F70EA8527903}.Debug|Any CPU.Build.0 = Debug|Any CPU
		{0B128965-0518-4919-A487-F70EA8527903}.Release|Any CPU.ActiveCfg = Release|Any CPU
		{0B128965-0518-4919-A487-F70EA8527903}.Release|Any CPU.Build.0 = Release|Any CPU
		{7C6ACCBE-2D73-410E-BFD7-77C3A3926549}.Debug|Any CPU.ActiveCfg = Debug|Any CPU
		{7C6ACCBE-2D73-410E-BFD7-77C3A3926549}.Debug|Any CPU.Build.0 = Debug|Any CPU
		{7C6ACCBE-2D73-410E-BFD7-77C3A3926549}.Release|Any CPU.ActiveCfg = Release|Any CPU
		{7C6ACCBE-2D73-410E-BFD7-77C3A3926549}.Release|Any CPU.Build.0 = Release|Any CPU
		{7FFDEF2E-31EC-46C3-8388-60CC14C4DE2E}.Debug|Any CPU.ActiveCfg = Debug|Any CPU
		{7FFDEF2E-31EC-46C3-8388-60CC14C4DE2E}.Debug|Any CPU.Build.0 = Debug|Any CPU
		{7FFDEF2E-31EC-46C3-8388-60CC14C4DE2E}.Release|Any CPU.ActiveCfg = Release|Any CPU
		{7FFDEF2E-31EC-46C3-8388-60CC14C4DE2E}.Release|Any CPU.Build.0 = Release|Any CPU
		{919A7514-99A5-4840-8F22-C9FD38B7DB65}.Debug|Any CPU.ActiveCfg = Debug|Any CPU
		{919A7514-99A5-4840-8F22-C9FD38B7DB65}.Debug|Any CPU.Build.0 = Debug|Any CPU
		{919A7514-99A5-4840-8F22-C9FD38B7DB65}.Release|Any CPU.ActiveCfg = Release|Any CPU
		{919A7514-99A5-4840-8F22-C9FD38B7DB65}.Release|Any CPU.Build.0 = Release|Any CPU
		{9DA271D9-95F1-40E8-8178-0A808841D07D}.Debug|Any CPU.ActiveCfg = Debug|Any CPU
		{9DA271D9-95F1-40E8-8178-0A808841D07D}.Debug|Any CPU.Build.0 = Debug|Any CPU
		{9DA271D9-95F1-40E8-8178-0A808841D07D}.Release|Any CPU.ActiveCfg = Release|Any CPU
		{9DA271D9-95F1-40E8-8178-0A808841D07D}.Release|Any CPU.Build.0 = Release|Any CPU
		{7F90BDE0-B951-4E19-9EA3-D96C981ADCE4}.Debug|Any CPU.ActiveCfg = Debug|Any CPU
		{7F90BDE0-B951-4E19-9EA3-D96C981ADCE4}.Debug|Any CPU.Build.0 = Debug|Any CPU
		{7F90BDE0-B951-4E19-9EA3-D96C981ADCE4}.Release|Any CPU.ActiveCfg = Release|Any CPU
		{7F90BDE0-B951-4E19-9EA3-D96C981ADCE4}.Release|Any CPU.Build.0 = Release|Any CPU
		{493E9D48-41C7-4D9F-9874-9D24CDD88896}.Debug|Any CPU.ActiveCfg = Debug|Any CPU
		{493E9D48-41C7-4D9F-9874-9D24CDD88896}.Debug|Any CPU.Build.0 = Debug|Any CPU
		{493E9D48-41C7-4D9F-9874-9D24CDD88896}.Release|Any CPU.ActiveCfg = Release|Any CPU
		{493E9D48-41C7-4D9F-9874-9D24CDD88896}.Release|Any CPU.Build.0 = Release|Any CPU
	EndGlobalSection
	GlobalSection(SolutionProperties) = preSolution
		HideSolutionNode = FALSE
	EndGlobalSection
	GlobalSection(ExtensibilityGlobals) = postSolution
		SolutionGuid = {F5A79D2D-F0B1-4A1D-8654-8108DD6129A3}
	EndGlobalSection
EndGlobal
