
Microsoft Visual Studio Solution File, Format Version 12.00
# Visual Studio Version 17
VisualStudioVersion = 17.2.32616.157
MinimumVisualStudioVersion = 10.0.40219.1
Project("{FAE04EC0-301F-11D3-BF4B-00C04F79EFBC}") = "P01_Shapes", "P01_Shapes\P01_Shapes.csproj", "{977DD4D1-6473-49EB-8F15-F325FC6B202A}"
EndProject
Global
	GlobalSection(SolutionConfigurationPlatforms) = preSolution
		Debug|Any CPU = Debug|Any CPU
		Release|Any CPU = Release|Any CPU
	EndGlobalSection
	GlobalSection(ProjectConfigurationPlatforms) = postSolution
		{977DD4D1-6473-49EB-8F15-F325FC6B202A}.Debug|Any CPU.ActiveCfg = Debug|Any CPU
		{977DD4D1-6473-49EB-8F15-F325FC6B202A}.Debug|Any CPU.Build.0 = Debug|Any CPU
		{977DD4D1-6473-49EB-8F15-F325FC6B202A}.Release|Any CPU.ActiveCfg = Release|Any CPU
		{977DD4D1-6473-49EB-8F15-F325FC6B202A}.Release|Any CPU.Build.0 = Release|Any CPU
	EndGlobalSection
	GlobalSection(SolutionProperties) = preSolution
		HideSolutionNode = FALSE
	EndGlobalSection
	GlobalSection(ExtensibilityGlobals) = postSolution
		SolutionGuid = {C53E43CE-F61B-41DA-8F39-90868E92B1C6}
	EndGlobalSection
EndGlobal
