
Microsoft Visual Studio Solution File, Format Version 12.00
# Visual Studio Version 16
VisualStudioVersion = 16.0.31729.503
MinimumVisualStudioVersion = 10.0.40219.1
Project("{9A19103F-16F7-4668-BE54-9A1E7A4F7556}") = "NavalVessels", "NavalVessels\NavalVessels.csproj", "{708AE138-1A78-402B-B8EB-136237294022}"
EndProject
Global
	GlobalSection(SolutionConfigurationPlatforms) = preSolution
		Debug|Any CPU = Debug|Any CPU
		Release|Any CPU = Release|Any CPU
	EndGlobalSection
	GlobalSection(ProjectConfigurationPlatforms) = postSolution
		{708AE138-1A78-402B-B8EB-136237294022}.Debug|Any CPU.ActiveCfg = Debug|Any CPU
		{708AE138-1A78-402B-B8EB-136237294022}.Debug|Any CPU.Build.0 = Debug|Any CPU
		{708AE138-1A78-402B-B8EB-136237294022}.Release|Any CPU.ActiveCfg = Release|Any CPU
		{708AE138-1A78-402B-B8EB-136237294022}.Release|Any CPU.Build.0 = Release|Any CPU
	EndGlobalSection
	GlobalSection(SolutionProperties) = preSolution
		HideSolutionNode = FALSE
	EndGlobalSection
	GlobalSection(ExtensibilityGlobals) = postSolution
		SolutionGuid = {BB2315A8-EE0D-4B4E-95AC-67C767AD1862}
	EndGlobalSection
EndGlobal
