
Microsoft Visual Studio Solution File, Format Version 12.00
# Visual Studio Version 17
VisualStudioVersion = 17.3.32922.545
MinimumVisualStudioVersion = 10.0.40219.1
Project("{9A19103F-16F7-4668-BE54-9A1E7A4F7556}") = "WebShopDemo", "WebShopDemo\WebShopDemo.csproj", "{52E3F896-AB54-4F8B-951F-53A58E86E145}"
	ProjectSection(ProjectDependencies) = postProject
		{9BA1057B-245E-4E4D-8567-6AD3FCEF00A8} = {9BA1057B-245E-4E4D-8567-6AD3FCEF00A8}
	EndProjectSection
EndProject
Project("{9A19103F-16F7-4668-BE54-9A1E7A4F7556}") = "WebShopDemo.Core", "WebShopDemo.Core\WebShopDemo.Core.csproj", "{945ADEF2-FC75-4904-B3F9-8FC8D0FCF12B}"
EndProject
Project("{9A19103F-16F7-4668-BE54-9A1E7A4F7556}") = "WebShopDemo.Api", "WebShopDemo.Api\WebShopDemo.Api.csproj", "{B6054630-B288-4733-9343-0D0A500FC866}"
EndProject
Project("{9A19103F-16F7-4668-BE54-9A1E7A4F7556}") = "WebShopDemo.Grpc", "WebShopDemo.Grpc\WebShopDemo.Grpc.csproj", "{D2378E7E-660A-47B8-9A96-670CF921E48F}"
EndProject
Project("{FAE04EC0-301F-11D3-BF4B-00C04F79EFBC}") = "WebShopDemo.Data", "WebShopDemo.Data\WebShopDemo.Data.csproj", "{9BA1057B-245E-4E4D-8567-6AD3FCEF00A8}"
EndProject
Global
	GlobalSection(SolutionConfigurationPlatforms) = preSolution
		Debug|Any CPU = Debug|Any CPU
		Release|Any CPU = Release|Any CPU
	EndGlobalSection
	GlobalSection(ProjectConfigurationPlatforms) = postSolution
		{52E3F896-AB54-4F8B-951F-53A58E86E145}.Debug|Any CPU.ActiveCfg = Debug|Any CPU
		{52E3F896-AB54-4F8B-951F-53A58E86E145}.Debug|Any CPU.Build.0 = Debug|Any CPU
		{52E3F896-AB54-4F8B-951F-53A58E86E145}.Release|Any CPU.ActiveCfg = Release|Any CPU
		{52E3F896-AB54-4F8B-951F-53A58E86E145}.Release|Any CPU.Build.0 = Release|Any CPU
		{945ADEF2-FC75-4904-B3F9-8FC8D0FCF12B}.Debug|Any CPU.ActiveCfg = Debug|Any CPU
		{945ADEF2-FC75-4904-B3F9-8FC8D0FCF12B}.Debug|Any CPU.Build.0 = Debug|Any CPU
		{945ADEF2-FC75-4904-B3F9-8FC8D0FCF12B}.Release|Any CPU.ActiveCfg = Release|Any CPU
		{945ADEF2-FC75-4904-B3F9-8FC8D0FCF12B}.Release|Any CPU.Build.0 = Release|Any CPU
		{B6054630-B288-4733-9343-0D0A500FC866}.Debug|Any CPU.ActiveCfg = Debug|Any CPU
		{B6054630-B288-4733-9343-0D0A500FC866}.Debug|Any CPU.Build.0 = Debug|Any CPU
		{B6054630-B288-4733-9343-0D0A500FC866}.Release|Any CPU.ActiveCfg = Release|Any CPU
		{B6054630-B288-4733-9343-0D0A500FC866}.Release|Any CPU.Build.0 = Release|Any CPU
		{D2378E7E-660A-47B8-9A96-670CF921E48F}.Debug|Any CPU.ActiveCfg = Debug|Any CPU
		{D2378E7E-660A-47B8-9A96-670CF921E48F}.Debug|Any CPU.Build.0 = Debug|Any CPU
		{D2378E7E-660A-47B8-9A96-670CF921E48F}.Release|Any CPU.ActiveCfg = Release|Any CPU
		{D2378E7E-660A-47B8-9A96-670CF921E48F}.Release|Any CPU.Build.0 = Release|Any CPU
		{9BA1057B-245E-4E4D-8567-6AD3FCEF00A8}.Debug|Any CPU.ActiveCfg = Debug|Any CPU
		{9BA1057B-245E-4E4D-8567-6AD3FCEF00A8}.Debug|Any CPU.Build.0 = Debug|Any CPU
		{9BA1057B-245E-4E4D-8567-6AD3FCEF00A8}.Release|Any CPU.ActiveCfg = Release|Any CPU
		{9BA1057B-245E-4E4D-8567-6AD3FCEF00A8}.Release|Any CPU.Build.0 = Release|Any CPU
	EndGlobalSection
	GlobalSection(SolutionProperties) = preSolution
		HideSolutionNode = FALSE
	EndGlobalSection
	GlobalSection(ExtensibilityGlobals) = postSolution
		SolutionGuid = {ABCA0A2A-E7E0-4970-B653-AB6711A73492}
	EndGlobalSection
EndGlobal
